{
  "version": 4,
  "terraform_version": "1.3.7",
  "serial": 236,
  "lineage": "c6cdfbb3-045f-8cf8-7bf6-749bf173aceb",
  "outputs": {},
  "resources": [
    {
      "mode": "data",
      "type": "aws_iam_policy_document",
      "name": "gr5_assume_role",
      "provider": "provider[\"registry.terraform.io/hashicorp/aws\"]",
      "instances": [
        {
          "schema_version": 0,
          "attributes": {
            "id": "189502314",
            "json": "{\n  \"Version\": \"2012-10-17\",\n  \"Statement\": [\n    {\n      \"Sid\": \"\",\n      \"Effect\": \"Allow\",\n      \"Action\": \"sts:AssumeRole\",\n      \"Principal\": {\n        \"Service\": \"eks.amazonaws.com\"\n      }\n    }\n  ]\n}",
            "override_json": null,
            "override_policy_documents": null,
            "policy_id": null,
            "source_json": null,
            "source_policy_documents": null,
            "statement": [
              {
                "actions": [
                  "sts:AssumeRole"
                ],
                "condition": [],
                "effect": "Allow",
                "not_actions": [],
                "not_principals": [],
                "not_resources": [],
                "principals": [
                  {
                    "identifiers": [
                      "eks.amazonaws.com"
                    ],
                    "type": "Service"
                  }
                ],
                "resources": [],
                "sid": ""
              }
            ],
            "version": "2012-10-17"
          },
          "sensitive_attributes": []
        }
      ]
    },
    {
      "mode": "data",
      "type": "aws_iam_policy_document",
      "name": "gr5_assume_role_fargate",
      "provider": "provider[\"registry.terraform.io/hashicorp/aws\"]",
      "instances": [
        {
          "schema_version": 0,
          "attributes": {
            "id": "3567408449",
            "json": "{\n  \"Version\": \"2012-10-17\",\n  \"Statement\": [\n    {\n      \"Sid\": \"\",\n      \"Effect\": \"Allow\",\n      \"Action\": \"sts:AssumeRole\",\n      \"Principal\": {\n        \"Service\": \"eks-fargate-pods.amazonaws.com\"\n      }\n    }\n  ]\n}",
            "override_json": null,
            "override_policy_documents": null,
            "policy_id": null,
            "source_json": null,
            "source_policy_documents": null,
            "statement": [
              {
                "actions": [
                  "sts:AssumeRole"
                ],
                "condition": [],
                "effect": "Allow",
                "not_actions": [],
                "not_principals": [],
                "not_resources": [],
                "principals": [
                  {
                    "identifiers": [
                      "eks-fargate-pods.amazonaws.com"
                    ],
                    "type": "Service"
                  }
                ],
                "resources": [],
                "sid": ""
              }
            ],
            "version": "2012-10-17"
          },
          "sensitive_attributes": []
        }
      ]
    },
    {
      "mode": "managed",
      "type": "aws_eip",
      "name": "gr5_capstone2_nat",
      "provider": "provider[\"registry.terraform.io/hashicorp/aws\"]",
      "instances": [
        {
          "schema_version": 0,
          "attributes": {
            "address": null,
            "allocation_id": "eipalloc-0e61c6ec74829f56d",
            "associate_with_private_ip": null,
            "association_id": "eipassoc-04b7f6fa950e68ee8",
            "carrier_ip": "",
            "customer_owned_ip": "",
            "customer_owned_ipv4_pool": "",
            "domain": "vpc",
            "id": "eipalloc-0e61c6ec74829f56d",
            "instance": "",
            "network_border_group": "us-west-2",
            "network_interface": "eni-0277ee71cf0e91ad7",
            "private_dns": "ip-192-168-3-99.us-west-2.compute.internal",
            "private_ip": "192.168.3.99",
            "public_dns": "ec2-52-13-201-31.us-west-2.compute.amazonaws.com",
            "public_ip": "52.13.201.31",
            "public_ipv4_pool": "amazon",
            "tags": {
              "Name": "gr5-capstone2-nat"
            },
            "tags_all": {
              "Name": "gr5-capstone2-nat"
            },
            "timeouts": null,
            "vpc": true
          },
          "sensitive_attributes": [],
          "private": "eyJlMmJmYjczMC1lY2FhLTExZTYtOGY4OC0zNDM2M2JjN2M0YzAiOnsiZGVsZXRlIjoxODAwMDAwMDAwMDAsInJlYWQiOjkwMDAwMDAwMDAwMCwidXBkYXRlIjozMDAwMDAwMDAwMDB9fQ=="
        }
      ]
    },
    {
      "mode": "managed",
      "type": "aws_eks_addon",
      "name": "gr5_capstone2_coredns",
      "provider": "provider[\"registry.terraform.io/hashicorp/aws\"]",
      "instances": [
        {
          "schema_version": 0,
          "attributes": {
            "addon_name": "coredns",
            "addon_version": "v1.10.1-eksbuild.4",
            "arn": "arn:aws:eks:us-west-2:962804699607:addon/gr5-capstone2-eks-cluster/coredns/e4c6c7b2-9087-21fa-41a8-f7dc2e272e37",
            "cluster_name": "gr5-capstone2-eks-cluster",
            "configuration_values": "",
            "created_at": "2024-02-09T19:43:06Z",
            "id": "gr5-capstone2-eks-cluster:coredns",
            "modified_at": "2024-02-09T19:44:15Z",
            "preserve": null,
            "resolve_conflicts": null,
            "service_account_role_arn": "",
            "tags": null,
            "tags_all": {},
            "timeouts": null
          },
          "sensitive_attributes": [],
          "private": "eyJlMmJmYjczMC1lY2FhLTExZTYtOGY4OC0zNDM2M2JjN2M0YzAiOnsiY3JlYXRlIjoxMjAwMDAwMDAwMDAwLCJkZWxldGUiOjI0MDAwMDAwMDAwMDAsInVwZGF0ZSI6MTIwMDAwMDAwMDAwMH19",
          "dependencies": [
            "aws_eks_cluster.gr5_capstone2_eks_cluster",
            "aws_eks_fargate_profile.gr5_capstone2_kube_system"
          ]
        }
      ]
    },
    {
      "mode": "managed",
      "type": "aws_eks_addon",
      "name": "gr5_capstone2_kube_proxy",
      "provider": "provider[\"registry.terraform.io/hashicorp/aws\"]",
      "instances": [
        {
          "schema_version": 0,
          "attributes": {
            "addon_name": "kube-proxy",
            "addon_version": "v1.28.2-eksbuild.2",
            "arn": "arn:aws:eks:us-west-2:962804699607:addon/gr5-capstone2-eks-cluster/kube-proxy/06c6c7b1-8553-c818-9fe5-a63bac1e08fe",
            "cluster_name": "gr5-capstone2-eks-cluster",
            "configuration_values": "",
            "created_at": "2024-02-09T19:40:49Z",
            "id": "gr5-capstone2-eks-cluster:kube-proxy",
            "modified_at": "2024-02-09T19:40:52Z",
            "preserve": null,
            "resolve_conflicts": null,
            "service_account_role_arn": "",
            "tags": {},
            "tags_all": {},
            "timeouts": null
          },
          "sensitive_attributes": [],
          "private": "eyJlMmJmYjczMC1lY2FhLTExZTYtOGY4OC0zNDM2M2JjN2M0YzAiOnsiY3JlYXRlIjoxMjAwMDAwMDAwMDAwLCJkZWxldGUiOjI0MDAwMDAwMDAwMDAsInVwZGF0ZSI6MTIwMDAwMDAwMDAwMH19",
          "dependencies": [
            "aws_eks_cluster.gr5_capstone2_eks_cluster",
            "aws_iam_role.gr5_capstone2_eks_cluster_role",
            "aws_iam_role_policy_attachment.gr5_capstone2_cluster_policy",
            "aws_subnet.gr5_capstone2_private_us_west_2a",
            "aws_subnet.gr5_capstone2_private_us_west_2b",
            "aws_subnet.gr5_capstone2_public_us_west_2a",
            "aws_subnet.gr5_capstone2_public_us_west_2b",
            "aws_vpc.gr5_capstone2_vpc_stack",
            "data.aws_iam_policy_document.gr5_assume_role"
          ]
        }
      ]
    },
    {
      "mode": "managed",
      "type": "aws_eks_addon",
      "name": "gr5_capstone2_vpc_cni",
      "provider": "provider[\"registry.terraform.io/hashicorp/aws\"]",
      "instances": [
        {
          "schema_version": 0,
          "attributes": {
            "addon_name": "vpc-cni",
            "addon_version": "v1.15.1-eksbuild.1",
            "arn": "arn:aws:eks:us-west-2:962804699607:addon/gr5-capstone2-eks-cluster/vpc-cni/aac6c7b1-8551-d311-2b12-07745dff52c7",
            "cluster_name": "gr5-capstone2-eks-cluster",
            "configuration_values": "",
            "created_at": "2024-02-09T19:40:49Z",
            "id": "gr5-capstone2-eks-cluster:vpc-cni",
            "modified_at": "2024-02-09T19:40:54Z",
            "preserve": null,
            "resolve_conflicts": null,
            "service_account_role_arn": "",
            "tags": {},
            "tags_all": {},
            "timeouts": null
          },
          "sensitive_attributes": [],
          "private": "eyJlMmJmYjczMC1lY2FhLTExZTYtOGY4OC0zNDM2M2JjN2M0YzAiOnsiY3JlYXRlIjoxMjAwMDAwMDAwMDAwLCJkZWxldGUiOjI0MDAwMDAwMDAwMDAsInVwZGF0ZSI6MTIwMDAwMDAwMDAwMH19",
          "dependencies": [
            "aws_eks_cluster.gr5_capstone2_eks_cluster",
            "aws_iam_role.gr5_capstone2_eks_cluster_role",
            "aws_iam_role_policy_attachment.gr5_capstone2_cluster_policy",
            "aws_subnet.gr5_capstone2_private_us_west_2a",
            "aws_subnet.gr5_capstone2_private_us_west_2b",
            "aws_subnet.gr5_capstone2_public_us_west_2a",
            "aws_subnet.gr5_capstone2_public_us_west_2b",
            "aws_vpc.gr5_capstone2_vpc_stack",
            "data.aws_iam_policy_document.gr5_assume_role"
          ]
        }
      ]
    },
    {
      "mode": "managed",
      "type": "aws_eks_cluster",
      "name": "gr5_capstone2_eks_cluster",
      "provider": "provider[\"registry.terraform.io/hashicorp/aws\"]",
      "instances": [
        {
          "schema_version": 0,
          "attributes": {
            "arn": "arn:aws:eks:us-west-2:962804699607:cluster/gr5-capstone2-eks-cluster",
            "certificate_authority": [
              {
                "data": "LS0tLS1CRUdJTiBDRVJUSUZJQ0FURS0tLS0tCk1JSURCVENDQWUyZ0F3SUJBZ0lJV0NGbkV4QTJaY293RFFZSktvWklodmNOQVFFTEJRQXdGVEVUTUJFR0ExVUUKQXhNS2EzVmlaWEp1WlhSbGN6QWVGdzB5TkRBeU1Ea3hPVE15TURGYUZ3MHpOREF5TURZeE9UTTNNREZhTUJVeApFekFSQmdOVkJBTVRDbXQxWW1WeWJtVjBaWE13Z2dFaU1BMEdDU3FHU0liM0RRRUJBUVVBQTRJQkR3QXdnZ0VLCkFvSUJBUURYQVVOM0d0Y3d0RUpjY25TdE5VenQwMlRpN3hCMzU2UnVDYWdjV1d0SitFYWpKLzhkMnMvaVAwVGgKNE5CeXZrM1pxTjltQkdEb214Q0VlOC8xbDlMaWVqWXJGZU16ekNaQUhUYTVpTmpldjZHa3l4VnA2U1V2dUFDVQpaa0hQbGhDL0pIQ0tHcURnYlRvNnNGa3ppZUg5SUNHc3BZbU1WVUo0a1hMRlE1K0RrUVIxMEhOYXg3c2F4K202Ck5NLzRzNEhkNVdPV0xGa1MwSE96V1hUZm93bHpIbGZyR1dUSm1Gd3dnNElBNjluc2JLYm5ybWdVeExLdHJoMFgKWmVHYzUrekdJMVhHTzlobWIrV1ZwckNGV1R4OXozU1ZaZDlPUnh4N2RlUjRtbWdESHZIc3lQb1Q5R1hNSGxZSgpHK1h3WENXK1I2ZUFqNnRZZlJpZCtVd1R3WUJQQWdNQkFBR2pXVEJYTUE0R0ExVWREd0VCL3dRRUF3SUNwREFQCkJnTlZIUk1CQWY4RUJUQURBUUgvTUIwR0ExVWREZ1FXQkJTL1psMHN0UUVzaGZQQUdnRUZ6NHNOSnZBQzdEQVYKQmdOVkhSRUVEakFNZ2dwcmRXSmxjbTVsZEdWek1BMEdDU3FHU0liM0RRRUJDd1VBQTRJQkFRQWc4eWo2RFNsaQptSVRJbTI1WmZUaWNyV250WnpVdC9zUzEvUzk5SGZTbkxhOVhmVVZSTG5Cam5UVGE2Q0ZaUWJLREhmZWdDZjNiCkNmSWFqSEYvdEtkLy9zM2NOcnR1ODZXandVRFRNNXA5aTV3RlJ0MFNkYzI0eE1sb1Nla2RNczhpY2pPTks3NXkKZjR0bWFrZ3dnellVenlVcCt3Y2drQ3M0UEV0czRXRkcvd3M5WURZQUwwZ3FPVEwya24zYW5CQTU1eHZuUkpoNgpvWWhEdnh1ZldvMkJjbHJQOUNLY21OSnJBMFNJYzU4UGl2TjFZbHZkbml3RzR0YVNVZSs3Mjh3Z2lwSlArWmExCnVtYi91eVNRcnUxbDJpUjRqWjVmMVZrbWhvUDBWSG1hLzhOUnZMeWtxVVhISEVNYVNlNXQ0bE8yalZXbmE3azIKUHEwd3pOaWhwc0E4Ci0tLS0tRU5EIENFUlRJRklDQVRFLS0tLS0K"
              }
            ],
            "cluster_id": null,
            "created_at": "2024-02-09 19:31:44.584 +0000 UTC",
            "enabled_cluster_log_types": [],
            "encryption_config": [],
            "endpoint": "https://ADF071E648CA0D313A7862BAACB0928D.gr7.us-west-2.eks.amazonaws.com",
            "id": "gr5-capstone2-eks-cluster",
            "identity": [
              {
                "oidc": [
                  {
                    "issuer": "https://oidc.eks.us-west-2.amazonaws.com/id/ADF071E648CA0D313A7862BAACB0928D"
                  }
                ]
              }
            ],
            "kubernetes_network_config": [
              {
                "ip_family": "ipv4",
                "service_ipv4_cidr": "10.100.0.0/16",
                "service_ipv6_cidr": ""
              }
            ],
            "name": "gr5-capstone2-eks-cluster",
            "outpost_config": [],
            "platform_version": "eks.7",
            "role_arn": "arn:aws:iam::962804699607:role/gr5-capstone2-eks-cluster-role",
            "status": "ACTIVE",
            "tags": {},
            "tags_all": {},
            "timeouts": null,
            "version": "1.28",
            "vpc_config": [
              {
                "cluster_security_group_id": "sg-0bb1fb833626e7f41",
                "endpoint_private_access": false,
                "endpoint_public_access": true,
                "public_access_cidrs": [
                  "0.0.0.0/0"
                ],
                "security_group_ids": [],
                "subnet_ids": [
                  "subnet-004939295873da73e",
                  "subnet-01ccdd9cd37425842",
                  "subnet-0203d290c312b2504",
                  "subnet-07ab9672658a1ad04"
                ],
                "vpc_id": "vpc-06e2693d797bcccb9"
              }
            ]
          },
          "sensitive_attributes": [],
          "private": "eyJlMmJmYjczMC1lY2FhLTExZTYtOGY4OC0zNDM2M2JjN2M0YzAiOnsiY3JlYXRlIjoxODAwMDAwMDAwMDAwLCJkZWxldGUiOjkwMDAwMDAwMDAwMCwidXBkYXRlIjozNjAwMDAwMDAwMDAwfX0=",
          "dependencies": [
            "aws_iam_role.gr5_capstone2_eks_cluster_role",
            "aws_iam_role_policy_attachment.gr5_capstone2_cluster_policy",
            "aws_subnet.gr5_capstone2_private_us_west_2a",
            "aws_subnet.gr5_capstone2_private_us_west_2b",
            "aws_subnet.gr5_capstone2_public_us_west_2a",
            "aws_subnet.gr5_capstone2_public_us_west_2b",
            "aws_vpc.gr5_capstone2_vpc_stack",
            "data.aws_iam_policy_document.gr5_assume_role"
          ]
        }
      ]
    },
    {
      "mode": "managed",
      "type": "aws_eks_fargate_profile",
      "name": "gr5_capstone2_kube_system",
      "provider": "provider[\"registry.terraform.io/hashicorp/aws\"]",
      "instances": [
        {
          "schema_version": 0,
          "attributes": {
            "arn": "arn:aws:eks:us-west-2:962804699607:fargateprofile/gr5-capstone2-eks-cluster/gr5-capstone2-kube-system/0ec6c7b1-8554-4188-2382-6a124d338e40",
            "cluster_name": "gr5-capstone2-eks-cluster",
            "fargate_profile_name": "gr5-capstone2-kube-system",
            "id": "gr5-capstone2-eks-cluster:gr5-capstone2-kube-system",
            "pod_execution_role_arn": "arn:aws:iam::962804699607:role/gr5-capstone2-eks-fargate-profile",
            "selector": [
              {
                "labels": {},
                "namespace": "kube-system"
              }
            ],
            "status": "ACTIVE",
            "subnet_ids": [
              "subnet-01ccdd9cd37425842",
              "subnet-0203d290c312b2504"
            ],
            "tags": {},
            "tags_all": {},
            "timeouts": null
          },
          "sensitive_attributes": [],
          "private": "eyJlMmJmYjczMC1lY2FhLTExZTYtOGY4OC0zNDM2M2JjN2M0YzAiOnsiY3JlYXRlIjo2MDAwMDAwMDAwMDAsImRlbGV0ZSI6NjAwMDAwMDAwMDAwfX0=",
          "dependencies": [
            "aws_eks_cluster.gr5_capstone2_eks_cluster",
            "aws_iam_role.gr5_capstone2_eks_cluster_role",
            "aws_iam_role.gr5_capstone2_eks_fargate_profile",
            "aws_iam_role_policy_attachment.gr5_capstone2_cluster_policy",
            "aws_subnet.gr5_capstone2_private_us_west_2a",
            "aws_subnet.gr5_capstone2_private_us_west_2b",
            "aws_subnet.gr5_capstone2_public_us_west_2a",
            "aws_subnet.gr5_capstone2_public_us_west_2b",
            "aws_vpc.gr5_capstone2_vpc_stack",
            "data.aws_iam_policy_document.gr5_assume_role",
            "data.aws_iam_policy_document.gr5_assume_role_fargate"
          ]
        }
      ]
    },
    {
      "mode": "managed",
      "type": "aws_iam_role",
      "name": "gr5_capstone2_eks_cluster_role",
      "provider": "provider[\"registry.terraform.io/hashicorp/aws\"]",
      "instances": [
        {
          "schema_version": 0,
          "attributes": {
            "arn": "arn:aws:iam::962804699607:role/gr5-capstone2-eks-cluster-role",
            "assume_role_policy": "{\"Statement\":[{\"Action\":\"sts:AssumeRole\",\"Effect\":\"Allow\",\"Principal\":{\"Service\":\"eks.amazonaws.com\"},\"Sid\":\"\"}],\"Version\":\"2012-10-17\"}",
            "create_date": "2024-02-09T19:31:18Z",
            "description": "",
            "force_detach_policies": false,
            "id": "gr5-capstone2-eks-cluster-role",
            "inline_policy": [],
            "managed_policy_arns": [
              "arn:aws:iam::aws:policy/AmazonEKSClusterPolicy"
            ],
            "max_session_duration": 3600,
            "name": "gr5-capstone2-eks-cluster-role",
            "name_prefix": "",
            "path": "/",
            "permissions_boundary": null,
            "role_last_used": [
              {
                "last_used_date": "",
                "region": ""
              }
            ],
            "tags": {},
            "tags_all": {},
            "unique_id": "AROA6AK5B2HL3DYXT3SFM"
          },
          "sensitive_attributes": [],
          "private": "bnVsbA==",
          "dependencies": [
            "data.aws_iam_policy_document.gr5_assume_role"
          ]
        }
      ]
    },
    {
      "mode": "managed",
      "type": "aws_iam_role",
      "name": "gr5_capstone2_eks_fargate_profile",
      "provider": "provider[\"registry.terraform.io/hashicorp/aws\"]",
      "instances": [
        {
          "schema_version": 0,
          "attributes": {
            "arn": "arn:aws:iam::962804699607:role/gr5-capstone2-eks-fargate-profile",
            "assume_role_policy": "{\"Statement\":[{\"Action\":\"sts:AssumeRole\",\"Effect\":\"Allow\",\"Principal\":{\"Service\":\"eks-fargate-pods.amazonaws.com\"},\"Sid\":\"\"}],\"Version\":\"2012-10-17\"}",
            "create_date": "2024-02-09T19:31:18Z",
            "description": "",
            "force_detach_policies": false,
            "id": "gr5-capstone2-eks-fargate-profile",
            "inline_policy": [],
            "managed_policy_arns": [
              "arn:aws:iam::aws:policy/AmazonEKSFargatePodExecutionRolePolicy"
            ],
            "max_session_duration": 3600,
            "name": "gr5-capstone2-eks-fargate-profile",
            "name_prefix": "",
            "path": "/",
            "permissions_boundary": null,
            "role_last_used": [
              {
                "last_used_date": "",
                "region": ""
              }
            ],
            "tags": {},
            "tags_all": {},
            "unique_id": "AROA6AK5B2HL6RT33AJXJ"
          },
          "sensitive_attributes": [],
          "private": "bnVsbA==",
          "dependencies": [
            "data.aws_iam_policy_document.gr5_assume_role_fargate"
          ]
        }
      ]
    },
    {
      "mode": "managed",
      "type": "aws_iam_role_policy_attachment",
      "name": "gr5_capstone2_cluster_policy",
      "provider": "provider[\"registry.terraform.io/hashicorp/aws\"]",
      "instances": [
        {
          "schema_version": 0,
          "attributes": {
            "id": "gr5-capstone2-eks-cluster-role-20240209193118998800000002",
            "policy_arn": "arn:aws:iam::aws:policy/AmazonEKSClusterPolicy",
            "role": "gr5-capstone2-eks-cluster-role"
          },
          "sensitive_attributes": [],
          "private": "bnVsbA==",
          "dependencies": [
            "aws_iam_role.gr5_capstone2_eks_cluster_role",
            "data.aws_iam_policy_document.gr5_assume_role"
          ]
        }
      ]
    },
    {
      "mode": "managed",
      "type": "aws_iam_role_policy_attachment",
      "name": "gr5_capstone2_eks-fargate-profile_policy",
      "provider": "provider[\"registry.terraform.io/hashicorp/aws\"]",
      "instances": [
        {
          "schema_version": 0,
          "attributes": {
            "id": "gr5-capstone2-eks-fargate-profile-20240209193118996500000001",
            "policy_arn": "arn:aws:iam::aws:policy/AmazonEKSFargatePodExecutionRolePolicy",
            "role": "gr5-capstone2-eks-fargate-profile"
          },
          "sensitive_attributes": [],
          "private": "bnVsbA==",
          "dependencies": [
            "aws_iam_role.gr5_capstone2_eks_fargate_profile",
            "data.aws_iam_policy_document.gr5_assume_role_fargate"
          ]
        }
      ]
    },
    {
      "mode": "managed",
      "type": "aws_internet_gateway",
      "name": "gr5_capstone2_igw",
      "provider": "provider[\"registry.terraform.io/hashicorp/aws\"]",
      "instances": [
        {
          "schema_version": 0,
          "attributes": {
            "arn": "arn:aws:ec2:us-west-2:962804699607:internet-gateway/igw-04d5398b71f4548f1",
            "id": "igw-04d5398b71f4548f1",
            "owner_id": "962804699607",
            "tags": {
              "Name": "gr5-capstone2-igw"
            },
            "tags_all": {
              "Name": "gr5-capstone2-igw"
            },
            "timeouts": null,
            "vpc_id": "vpc-06e2693d797bcccb9"
          },
          "sensitive_attributes": [],
          "private": "eyJlMmJmYjczMC1lY2FhLTExZTYtOGY4OC0zNDM2M2JjN2M0YzAiOnsiY3JlYXRlIjoxMjAwMDAwMDAwMDAwLCJkZWxldGUiOjEyMDAwMDAwMDAwMDAsInVwZGF0ZSI6MTIwMDAwMDAwMDAwMH19",
          "dependencies": [
            "aws_vpc.gr5_capstone2_vpc_stack"
          ]
        }
      ]
    },
    {
      "mode": "managed",
      "type": "aws_nat_gateway",
      "name": "gr5_capstone2_nat",
      "provider": "provider[\"registry.terraform.io/hashicorp/aws\"]",
      "instances": [
        {
          "schema_version": 0,
          "attributes": {
            "allocation_id": "eipalloc-0e61c6ec74829f56d",
            "association_id": "eipassoc-04b7f6fa950e68ee8",
            "connectivity_type": "public",
            "id": "nat-055b4ca02757a686d",
            "network_interface_id": "eni-0277ee71cf0e91ad7",
            "private_ip": "192.168.3.99",
            "public_ip": "52.13.201.31",
            "subnet_id": "subnet-004939295873da73e",
            "tags": {
              "Name": "gr5-capstone2-nat"
            },
            "tags_all": {
              "Name": "gr5-capstone2-nat"
            }
          },
          "sensitive_attributes": [],
          "private": "bnVsbA==",
          "dependencies": [
            "aws_eip.gr5_capstone2_nat",
            "aws_internet_gateway.gr5_capstone2_igw",
            "aws_subnet.gr5_capstone2_public_us_west_2a",
            "aws_vpc.gr5_capstone2_vpc_stack"
          ]
        }
      ]
    },
    {
      "mode": "managed",
      "type": "aws_route_table",
      "name": "gr5_capstone2_private",
      "provider": "provider[\"registry.terraform.io/hashicorp/aws\"]",
      "instances": [
        {
          "schema_version": 0,
          "attributes": {
            "arn": "arn:aws:ec2:us-west-2:962804699607:route-table/rtb-013e9a524f98755e9",
            "id": "rtb-013e9a524f98755e9",
            "owner_id": "962804699607",
            "propagating_vgws": [],
            "route": [
              {
                "carrier_gateway_id": "",
                "cidr_block": "0.0.0.0/0",
                "core_network_arn": "",
                "destination_prefix_list_id": "",
                "egress_only_gateway_id": "",
                "gateway_id": "",
                "instance_id": "",
                "ipv6_cidr_block": "",
                "local_gateway_id": "",
                "nat_gateway_id": "nat-055b4ca02757a686d",
                "network_interface_id": "",
                "transit_gateway_id": "",
                "vpc_endpoint_id": "",
                "vpc_peering_connection_id": ""
              }
            ],
            "tags": {
              "Name": "gr5-capstone2-private"
            },
            "tags_all": {
              "Name": "gr5-capstone2-private"
            },
            "timeouts": null,
            "vpc_id": "vpc-06e2693d797bcccb9"
          },
          "sensitive_attributes": [],
          "private": "eyJlMmJmYjczMC1lY2FhLTExZTYtOGY4OC0zNDM2M2JjN2M0YzAiOnsiY3JlYXRlIjozMDAwMDAwMDAwMDAsImRlbGV0ZSI6MzAwMDAwMDAwMDAwLCJ1cGRhdGUiOjEyMDAwMDAwMDAwMH19",
          "dependencies": [
            "aws_eip.gr5_capstone2_nat",
            "aws_internet_gateway.gr5_capstone2_igw",
            "aws_nat_gateway.gr5_capstone2_nat",
            "aws_subnet.gr5_capstone2_public_us_west_2a",
            "aws_vpc.gr5_capstone2_vpc_stack"
          ]
        }
      ]
    },
    {
      "mode": "managed",
      "type": "aws_route_table",
      "name": "gr5_capstone2_public",
      "provider": "provider[\"registry.terraform.io/hashicorp/aws\"]",
      "instances": [
        {
          "schema_version": 0,
          "attributes": {
            "arn": "arn:aws:ec2:us-west-2:962804699607:route-table/rtb-08e5a3ba60bfbc486",
            "id": "rtb-08e5a3ba60bfbc486",
            "owner_id": "962804699607",
            "propagating_vgws": [],
            "route": [
              {
                "carrier_gateway_id": "",
                "cidr_block": "0.0.0.0/0",
                "core_network_arn": "",
                "destination_prefix_list_id": "",
                "egress_only_gateway_id": "",
                "gateway_id": "igw-04d5398b71f4548f1",
                "instance_id": "",
                "ipv6_cidr_block": "",
                "local_gateway_id": "",
                "nat_gateway_id": "",
                "network_interface_id": "",
                "transit_gateway_id": "",
                "vpc_endpoint_id": "",
                "vpc_peering_connection_id": ""
              }
            ],
            "tags": {
              "Name": "gr5-capstone2-public"
            },
            "tags_all": {
              "Name": "gr5-capstone2-public"
            },
            "timeouts": null,
            "vpc_id": "vpc-06e2693d797bcccb9"
          },
          "sensitive_attributes": [],
          "private": "eyJlMmJmYjczMC1lY2FhLTExZTYtOGY4OC0zNDM2M2JjN2M0YzAiOnsiY3JlYXRlIjozMDAwMDAwMDAwMDAsImRlbGV0ZSI6MzAwMDAwMDAwMDAwLCJ1cGRhdGUiOjEyMDAwMDAwMDAwMH19",
          "dependencies": [
            "aws_internet_gateway.gr5_capstone2_igw",
            "aws_vpc.gr5_capstone2_vpc_stack"
          ]
        }
      ]
    },
    {
      "mode": "managed",
      "type": "aws_route_table_association",
      "name": "gr5_capstone2_private-us-west-2b",
      "provider": "provider[\"registry.terraform.io/hashicorp/aws\"]",
      "instances": [
        {
          "schema_version": 0,
          "attributes": {
            "gateway_id": "",
            "id": "rtbassoc-0a4eccda75d8d3a96",
            "route_table_id": "rtb-013e9a524f98755e9",
            "subnet_id": "subnet-01ccdd9cd37425842",
            "timeouts": null
          },
          "sensitive_attributes": [],
          "private": "eyJlMmJmYjczMC1lY2FhLTExZTYtOGY4OC0zNDM2M2JjN2M0YzAiOnsiY3JlYXRlIjozMDAwMDAwMDAwMDAsImRlbGV0ZSI6MzAwMDAwMDAwMDAwLCJ1cGRhdGUiOjEyMDAwMDAwMDAwMH19",
          "dependencies": [
            "aws_eip.gr5_capstone2_nat",
            "aws_internet_gateway.gr5_capstone2_igw",
            "aws_nat_gateway.gr5_capstone2_nat",
            "aws_route_table.gr5_capstone2_private",
            "aws_subnet.gr5_capstone2_private_us_west_2b",
            "aws_subnet.gr5_capstone2_public_us_west_2a",
            "aws_vpc.gr5_capstone2_vpc_stack"
          ]
        }
      ]
    },
    {
      "mode": "managed",
      "type": "aws_route_table_association",
      "name": "gr5_capstone2_private_us_west_2a",
      "provider": "provider[\"registry.terraform.io/hashicorp/aws\"]",
      "instances": [
        {
          "schema_version": 0,
          "attributes": {
            "gateway_id": "",
            "id": "rtbassoc-0d7b686efb8b9c3b2",
            "route_table_id": "rtb-013e9a524f98755e9",
            "subnet_id": "subnet-0203d290c312b2504",
            "timeouts": null
          },
          "sensitive_attributes": [],
          "private": "eyJlMmJmYjczMC1lY2FhLTExZTYtOGY4OC0zNDM2M2JjN2M0YzAiOnsiY3JlYXRlIjozMDAwMDAwMDAwMDAsImRlbGV0ZSI6MzAwMDAwMDAwMDAwLCJ1cGRhdGUiOjEyMDAwMDAwMDAwMH19",
          "dependencies": [
            "aws_eip.gr5_capstone2_nat",
            "aws_internet_gateway.gr5_capstone2_igw",
            "aws_nat_gateway.gr5_capstone2_nat",
            "aws_route_table.gr5_capstone2_private",
            "aws_subnet.gr5_capstone2_private_us_west_2a",
            "aws_subnet.gr5_capstone2_public_us_west_2a",
            "aws_vpc.gr5_capstone2_vpc_stack"
          ]
        }
      ]
    },
    {
      "mode": "managed",
      "type": "aws_route_table_association",
      "name": "gr5_capstone2_public-us-west-2a",
      "provider": "provider[\"registry.terraform.io/hashicorp/aws\"]",
      "instances": [
        {
          "schema_version": 0,
          "attributes": {
            "gateway_id": "",
            "id": "rtbassoc-08cc10774418d5450",
            "route_table_id": "rtb-08e5a3ba60bfbc486",
            "subnet_id": "subnet-004939295873da73e",
            "timeouts": null
          },
          "sensitive_attributes": [],
          "private": "eyJlMmJmYjczMC1lY2FhLTExZTYtOGY4OC0zNDM2M2JjN2M0YzAiOnsiY3JlYXRlIjozMDAwMDAwMDAwMDAsImRlbGV0ZSI6MzAwMDAwMDAwMDAwLCJ1cGRhdGUiOjEyMDAwMDAwMDAwMH19",
          "dependencies": [
            "aws_internet_gateway.gr5_capstone2_igw",
            "aws_route_table.gr5_capstone2_public",
            "aws_subnet.gr5_capstone2_public_us_west_2a",
            "aws_vpc.gr5_capstone2_vpc_stack"
          ]
        }
      ]
    },
    {
      "mode": "managed",
      "type": "aws_route_table_association",
      "name": "gr5_capstone2_public-us-west-2b",
      "provider": "provider[\"registry.terraform.io/hashicorp/aws\"]",
      "instances": [
        {
          "schema_version": 0,
          "attributes": {
            "gateway_id": "",
            "id": "rtbassoc-0f80daefa304806a9",
            "route_table_id": "rtb-08e5a3ba60bfbc486",
            "subnet_id": "subnet-07ab9672658a1ad04",
            "timeouts": null
          },
          "sensitive_attributes": [],
          "private": "eyJlMmJmYjczMC1lY2FhLTExZTYtOGY4OC0zNDM2M2JjN2M0YzAiOnsiY3JlYXRlIjozMDAwMDAwMDAwMDAsImRlbGV0ZSI6MzAwMDAwMDAwMDAwLCJ1cGRhdGUiOjEyMDAwMDAwMDAwMH19",
          "dependencies": [
            "aws_internet_gateway.gr5_capstone2_igw",
            "aws_route_table.gr5_capstone2_public",
            "aws_subnet.gr5_capstone2_public_us_west_2b",
            "aws_vpc.gr5_capstone2_vpc_stack"
          ]
        }
      ]
    },
    {
      "mode": "managed",
      "type": "aws_subnet",
      "name": "gr5_capstone2_private_us_west_2a",
      "provider": "provider[\"registry.terraform.io/hashicorp/aws\"]",
      "instances": [
        {
          "schema_version": 1,
          "attributes": {
            "arn": "arn:aws:ec2:us-west-2:962804699607:subnet/subnet-0203d290c312b2504",
            "assign_ipv6_address_on_creation": false,
            "availability_zone": "us-west-2a",
            "availability_zone_id": "usw2-az1",
            "cidr_block": "192.168.128.0/18",
            "customer_owned_ipv4_pool": "",
            "enable_dns64": false,
            "enable_lni_at_device_index": 0,
            "enable_resource_name_dns_a_record_on_launch": false,
            "enable_resource_name_dns_aaaa_record_on_launch": false,
            "id": "subnet-0203d290c312b2504",
            "ipv6_cidr_block": "",
            "ipv6_cidr_block_association_id": "",
            "ipv6_native": false,
            "map_customer_owned_ip_on_launch": false,
            "map_public_ip_on_launch": false,
            "outpost_arn": "",
            "owner_id": "962804699607",
            "private_dns_hostname_type_on_launch": "ip-name",
            "tags": {
              "Name": "gr5-capstone2-private-us-west-2a",
              "kubernetes.io/cluster/gr5-capstone2-eks-cluster": "owned",
              "kubernetes.io/role/internal-elb": "1"
            },
            "tags_all": {
              "Name": "gr5-capstone2-private-us-west-2a",
              "kubernetes.io/cluster/gr5-capstone2-eks-cluster": "owned",
              "kubernetes.io/role/internal-elb": "1"
            },
            "timeouts": null,
            "vpc_id": "vpc-06e2693d797bcccb9"
          },
          "sensitive_attributes": [],
          "private": "eyJlMmJmYjczMC1lY2FhLTExZTYtOGY4OC0zNDM2M2JjN2M0YzAiOnsiY3JlYXRlIjo2MDAwMDAwMDAwMDAsImRlbGV0ZSI6MTIwMDAwMDAwMDAwMH0sInNjaGVtYV92ZXJzaW9uIjoiMSJ9",
          "dependencies": [
            "aws_vpc.gr5_capstone2_vpc_stack"
          ]
        }
      ]
    },
    {
      "mode": "managed",
      "type": "aws_subnet",
      "name": "gr5_capstone2_private_us_west_2b",
      "provider": "provider[\"registry.terraform.io/hashicorp/aws\"]",
      "instances": [
        {
          "schema_version": 1,
          "attributes": {
            "arn": "arn:aws:ec2:us-west-2:962804699607:subnet/subnet-01ccdd9cd37425842",
            "assign_ipv6_address_on_creation": false,
            "availability_zone": "us-west-2b",
            "availability_zone_id": "usw2-az2",
            "cidr_block": "192.168.192.0/18",
            "customer_owned_ipv4_pool": "",
            "enable_dns64": false,
            "enable_lni_at_device_index": 0,
            "enable_resource_name_dns_a_record_on_launch": false,
            "enable_resource_name_dns_aaaa_record_on_launch": false,
            "id": "subnet-01ccdd9cd37425842",
            "ipv6_cidr_block": "",
            "ipv6_cidr_block_association_id": "",
            "ipv6_native": false,
            "map_customer_owned_ip_on_launch": false,
            "map_public_ip_on_launch": false,
            "outpost_arn": "",
            "owner_id": "962804699607",
            "private_dns_hostname_type_on_launch": "ip-name",
            "tags": {
              "Name": "gr5-capstone2-private-us-west-2b",
              "kubernetes.io/cluster/gr5-capstone2-eks-cluster": "owned",
              "kubernetes.io/role/internal-elb": "1"
            },
            "tags_all": {
              "Name": "gr5-capstone2-private-us-west-2b",
              "kubernetes.io/cluster/gr5-capstone2-eks-cluster": "owned",
              "kubernetes.io/role/internal-elb": "1"
            },
            "timeouts": null,
            "vpc_id": "vpc-06e2693d797bcccb9"
          },
          "sensitive_attributes": [],
          "private": "eyJlMmJmYjczMC1lY2FhLTExZTYtOGY4OC0zNDM2M2JjN2M0YzAiOnsiY3JlYXRlIjo2MDAwMDAwMDAwMDAsImRlbGV0ZSI6MTIwMDAwMDAwMDAwMH0sInNjaGVtYV92ZXJzaW9uIjoiMSJ9",
          "dependencies": [
            "aws_vpc.gr5_capstone2_vpc_stack"
          ]
        }
      ]
    },
    {
      "mode": "managed",
      "type": "aws_subnet",
      "name": "gr5_capstone2_public_us_west_2a",
      "provider": "provider[\"registry.terraform.io/hashicorp/aws\"]",
      "instances": [
        {
          "schema_version": 1,
          "attributes": {
            "arn": "arn:aws:ec2:us-west-2:962804699607:subnet/subnet-004939295873da73e",
            "assign_ipv6_address_on_creation": false,
            "availability_zone": "us-west-2a",
            "availability_zone_id": "usw2-az1",
            "cidr_block": "192.168.0.0/18",
            "customer_owned_ipv4_pool": "",
            "enable_dns64": false,
            "enable_lni_at_device_index": 0,
            "enable_resource_name_dns_a_record_on_launch": false,
            "enable_resource_name_dns_aaaa_record_on_launch": false,
            "id": "subnet-004939295873da73e",
            "ipv6_cidr_block": "",
            "ipv6_cidr_block_association_id": "",
            "ipv6_native": false,
            "map_customer_owned_ip_on_launch": false,
            "map_public_ip_on_launch": true,
            "outpost_arn": "",
            "owner_id": "962804699607",
            "private_dns_hostname_type_on_launch": "ip-name",
            "tags": {
              "Name": "gr5-capstone2-private-us-west-2a",
              "kubernetes.io/cluster/gr5-capstone2-eks-cluster": "owned",
              "kubernetes.io/role/internal-elb": "1"
            },
            "tags_all": {
              "Name": "gr5-capstone2-private-us-west-2a",
              "kubernetes.io/cluster/gr5-capstone2-eks-cluster": "owned",
              "kubernetes.io/role/internal-elb": "1"
            },
            "timeouts": null,
            "vpc_id": "vpc-06e2693d797bcccb9"
          },
          "sensitive_attributes": [],
          "private": "eyJlMmJmYjczMC1lY2FhLTExZTYtOGY4OC0zNDM2M2JjN2M0YzAiOnsiY3JlYXRlIjo2MDAwMDAwMDAwMDAsImRlbGV0ZSI6MTIwMDAwMDAwMDAwMH0sInNjaGVtYV92ZXJzaW9uIjoiMSJ9",
          "dependencies": [
            "aws_vpc.gr5_capstone2_vpc_stack"
          ]
        }
      ]
    },
    {
      "mode": "managed",
      "type": "aws_subnet",
      "name": "gr5_capstone2_public_us_west_2b",
      "provider": "provider[\"registry.terraform.io/hashicorp/aws\"]",
      "instances": [
        {
          "schema_version": 1,
          "attributes": {
            "arn": "arn:aws:ec2:us-west-2:962804699607:subnet/subnet-07ab9672658a1ad04",
            "assign_ipv6_address_on_creation": false,
            "availability_zone": "us-west-2b",
            "availability_zone_id": "usw2-az2",
            "cidr_block": "192.168.64.0/18",
            "customer_owned_ipv4_pool": "",
            "enable_dns64": false,
            "enable_lni_at_device_index": 0,
            "enable_resource_name_dns_a_record_on_launch": false,
            "enable_resource_name_dns_aaaa_record_on_launch": false,
            "id": "subnet-07ab9672658a1ad04",
            "ipv6_cidr_block": "",
            "ipv6_cidr_block_association_id": "",
            "ipv6_native": false,
            "map_customer_owned_ip_on_launch": false,
            "map_public_ip_on_launch": true,
            "outpost_arn": "",
            "owner_id": "962804699607",
            "private_dns_hostname_type_on_launch": "ip-name",
            "tags": {
              "Name": "gr5-capstone2-private-us-west-2b",
              "kubernetes.io/cluster/gr5-capstone2-eks-cluster": "owned",
              "kubernetes.io/role/internal-elb": "1"
            },
            "tags_all": {
              "Name": "gr5-capstone2-private-us-west-2b",
              "kubernetes.io/cluster/gr5-capstone2-eks-cluster": "owned",
              "kubernetes.io/role/internal-elb": "1"
            },
            "timeouts": null,
            "vpc_id": "vpc-06e2693d797bcccb9"
          },
          "sensitive_attributes": [],
          "private": "eyJlMmJmYjczMC1lY2FhLTExZTYtOGY4OC0zNDM2M2JjN2M0YzAiOnsiY3JlYXRlIjo2MDAwMDAwMDAwMDAsImRlbGV0ZSI6MTIwMDAwMDAwMDAwMH0sInNjaGVtYV92ZXJzaW9uIjoiMSJ9",
          "dependencies": [
            "aws_vpc.gr5_capstone2_vpc_stack"
          ]
        }
      ]
    },
    {
      "mode": "managed",
      "type": "aws_vpc",
      "name": "gr5_capstone2_vpc_stack",
      "provider": "provider[\"registry.terraform.io/hashicorp/aws\"]",
      "instances": [
        {
          "schema_version": 1,
          "attributes": {
            "arn": "arn:aws:ec2:us-west-2:962804699607:vpc/vpc-06e2693d797bcccb9",
            "assign_generated_ipv6_cidr_block": false,
            "cidr_block": "192.168.0.0/16",
            "default_network_acl_id": "acl-0172ea06f6c5783e7",
            "default_route_table_id": "rtb-0919699c15d4e2ee4",
            "default_security_group_id": "sg-03778e78866fb939d",
            "dhcp_options_id": "dopt-f518238d",
            "enable_classiclink": false,
            "enable_classiclink_dns_support": false,
            "enable_dns_hostnames": true,
            "enable_dns_support": true,
            "enable_network_address_usage_metrics": false,
            "id": "vpc-06e2693d797bcccb9",
            "instance_tenancy": "default",
            "ipv4_ipam_pool_id": null,
            "ipv4_netmask_length": null,
            "ipv6_association_id": "",
            "ipv6_cidr_block": "",
            "ipv6_cidr_block_network_border_group": "",
            "ipv6_ipam_pool_id": "",
            "ipv6_netmask_length": 0,
            "main_route_table_id": "rtb-0919699c15d4e2ee4",
            "owner_id": "962804699607",
            "tags": {
              "Name": "gr5-capstone2-vpc-stack"
            },
            "tags_all": {
              "Name": "gr5-capstone2-vpc-stack"
            }
          },
          "sensitive_attributes": [],
          "private": "eyJzY2hlbWFfdmVyc2lvbiI6IjEifQ=="
        }
      ]
    }
  ],
  "check_results": null
}
