{
  "version": 4,
  "terraform_version": "1.3.7",
  "serial": 286,
  "lineage": "c6cdfbb3-045f-8cf8-7bf6-749bf173aceb",
  "outputs": {},
  "resources": [
    {
      "mode": "data",
      "type": "aws_iam_policy_document",
      "name": "gr5_assume_role",
      "provider": "provider[\"registry.terraform.io/hashicorp/aws\"]",
      "instances": [
        {
          "schema_version": 0,
          "attributes": {
            "id": "189502314",
            "json": "{\n  \"Version\": \"2012-10-17\",\n  \"Statement\": [\n    {\n      \"Sid\": \"\",\n      \"Effect\": \"Allow\",\n      \"Action\": \"sts:AssumeRole\",\n      \"Principal\": {\n        \"Service\": \"eks.amazonaws.com\"\n      }\n    }\n  ]\n}",
            "override_json": null,
            "override_policy_documents": null,
            "policy_id": null,
            "source_json": null,
            "source_policy_documents": null,
            "statement": [
              {
                "actions": [
                  "sts:AssumeRole"
                ],
                "condition": [],
                "effect": "Allow",
                "not_actions": [],
                "not_principals": [],
                "not_resources": [],
                "principals": [
                  {
                    "identifiers": [
                      "eks.amazonaws.com"
                    ],
                    "type": "Service"
                  }
                ],
                "resources": [],
                "sid": ""
              }
            ],
            "version": "2012-10-17"
          },
          "sensitive_attributes": []
        }
      ]
    },
    {
      "mode": "data",
      "type": "aws_iam_policy_document",
      "name": "gr5_assume_role_fargate",
      "provider": "provider[\"registry.terraform.io/hashicorp/aws\"]",
      "instances": [
        {
          "schema_version": 0,
          "attributes": {
            "id": "3567408449",
            "json": "{\n  \"Version\": \"2012-10-17\",\n  \"Statement\": [\n    {\n      \"Sid\": \"\",\n      \"Effect\": \"Allow\",\n      \"Action\": \"sts:AssumeRole\",\n      \"Principal\": {\n        \"Service\": \"eks-fargate-pods.amazonaws.com\"\n      }\n    }\n  ]\n}",
            "override_json": null,
            "override_policy_documents": null,
            "policy_id": null,
            "source_json": null,
            "source_policy_documents": null,
            "statement": [
              {
                "actions": [
                  "sts:AssumeRole"
                ],
                "condition": [],
                "effect": "Allow",
                "not_actions": [],
                "not_principals": [],
                "not_resources": [],
                "principals": [
                  {
                    "identifiers": [
                      "eks-fargate-pods.amazonaws.com"
                    ],
                    "type": "Service"
                  }
                ],
                "resources": [],
                "sid": ""
              }
            ],
            "version": "2012-10-17"
          },
          "sensitive_attributes": []
        }
      ]
    },
    {
      "mode": "managed",
      "type": "aws_eip",
      "name": "gr5_capstone2_nat",
      "provider": "provider[\"registry.terraform.io/hashicorp/aws\"]",
      "instances": [
        {
          "schema_version": 0,
          "attributes": {
            "address": null,
            "allocation_id": "eipalloc-0e0fa8f53df8b30f4",
            "associate_with_private_ip": null,
            "association_id": "",
            "carrier_ip": "",
            "customer_owned_ip": "",
            "customer_owned_ipv4_pool": "",
            "domain": "vpc",
            "id": "eipalloc-0e0fa8f53df8b30f4",
            "instance": "",
            "network_border_group": "us-west-2",
            "network_interface": "",
            "private_dns": null,
            "private_ip": "",
            "public_dns": "ec2-54-184-123-222.us-west-2.compute.amazonaws.com",
            "public_ip": "54.184.123.222",
            "public_ipv4_pool": "amazon",
            "tags": {
              "Name": "gr5-capstone2-nat"
            },
            "tags_all": {
              "Name": "gr5-capstone2-nat"
            },
            "timeouts": null,
            "vpc": true
          },
          "sensitive_attributes": [],
          "private": "eyJlMmJmYjczMC1lY2FhLTExZTYtOGY4OC0zNDM2M2JjN2M0YzAiOnsiZGVsZXRlIjoxODAwMDAwMDAwMDAsInJlYWQiOjkwMDAwMDAwMDAwMCwidXBkYXRlIjozMDAwMDAwMDAwMDB9fQ=="
        }
      ]
    },
    {
      "mode": "managed",
      "type": "aws_eks_addon",
      "name": "gr5_capstone2_coredns",
      "provider": "provider[\"registry.terraform.io/hashicorp/aws\"]",
      "instances": [
        {
          "schema_version": 0,
          "attributes": {
            "addon_name": "coredns",
            "addon_version": "v1.10.1-eksbuild.7",
            "arn": "arn:aws:eks:us-west-2:962804699607:addon/gr5-capstone2-eks-cluster/coredns/b2c6c7fb-a1b6-61ef-96b1-c64eaabebc90",
            "cluster_name": "gr5-capstone2-eks-cluster",
            "configuration_values": "",
            "created_at": "2024-02-09T22:22:43Z",
            "id": "gr5-capstone2-eks-cluster:coredns",
            "modified_at": "2024-02-09T22:23:51Z",
            "preserve": null,
            "resolve_conflicts": "OVERWRITE",
            "service_account_role_arn": "",
            "tags": null,
            "tags_all": {},
            "timeouts": null
          },
          "sensitive_attributes": [],
          "private": "eyJlMmJmYjczMC1lY2FhLTExZTYtOGY4OC0zNDM2M2JjN2M0YzAiOnsiY3JlYXRlIjoxMjAwMDAwMDAwMDAwLCJkZWxldGUiOjI0MDAwMDAwMDAwMDAsInVwZGF0ZSI6MTIwMDAwMDAwMDAwMH19",
          "dependencies": [
            "aws_eks_cluster.gr5_capstone2_eks_cluster",
            "aws_eks_fargate_profile.gr5_capstone2_kube_system",
            "aws_iam_role.gr5_capstone2_eks_cluster_role",
            "aws_iam_role.gr5_capstone2_eks_fargate_profile",
            "aws_iam_role_policy_attachment.gr5_capstone2_cluster_policy",
            "aws_subnet.gr5_capstone2_private_us_west_2a",
            "aws_subnet.gr5_capstone2_private_us_west_2b",
            "aws_subnet.gr5_capstone2_public_us_west_2a",
            "aws_subnet.gr5_capstone2_public_us_west_2b",
            "aws_vpc.gr5_capstone2_vpc_stack",
            "data.aws_iam_policy_document.gr5_assume_role",
            "data.aws_iam_policy_document.gr5_assume_role_fargate"
          ]
        }
      ]
    },
    {
      "mode": "managed",
      "type": "aws_eks_addon",
      "name": "gr5_capstone2_kube_proxy",
      "provider": "provider[\"registry.terraform.io/hashicorp/aws\"]",
      "instances": [
        {
          "schema_version": 0,
          "attributes": {
            "addon_name": "kube-proxy",
            "addon_version": "v1.28.2-eksbuild.2",
            "arn": "arn:aws:eks:us-west-2:962804699607:addon/gr5-capstone2-eks-cluster/kube-proxy/0ac6c7fa-fa57-3df5-8754-6a607cde4dc2",
            "cluster_name": "gr5-capstone2-eks-cluster",
            "configuration_values": "",
            "created_at": "2024-02-09T22:21:17Z",
            "id": "gr5-capstone2-eks-cluster:kube-proxy",
            "modified_at": "2024-02-09T22:21:20Z",
            "preserve": null,
            "resolve_conflicts": null,
            "service_account_role_arn": "",
            "tags": null,
            "tags_all": {},
            "timeouts": null
          },
          "sensitive_attributes": [],
          "private": "eyJlMmJmYjczMC1lY2FhLTExZTYtOGY4OC0zNDM2M2JjN2M0YzAiOnsiY3JlYXRlIjoxMjAwMDAwMDAwMDAwLCJkZWxldGUiOjI0MDAwMDAwMDAwMDAsInVwZGF0ZSI6MTIwMDAwMDAwMDAwMH19",
          "dependencies": [
            "aws_eks_cluster.gr5_capstone2_eks_cluster",
            "aws_iam_role.gr5_capstone2_eks_cluster_role",
            "aws_iam_role_policy_attachment.gr5_capstone2_cluster_policy",
            "aws_subnet.gr5_capstone2_private_us_west_2a",
            "aws_subnet.gr5_capstone2_private_us_west_2b",
            "aws_subnet.gr5_capstone2_public_us_west_2a",
            "aws_subnet.gr5_capstone2_public_us_west_2b",
            "aws_vpc.gr5_capstone2_vpc_stack",
            "data.aws_iam_policy_document.gr5_assume_role"
          ]
        }
      ]
    },
    {
      "mode": "managed",
      "type": "aws_eks_addon",
      "name": "gr5_capstone2_vpc_cni",
      "provider": "provider[\"registry.terraform.io/hashicorp/aws\"]",
      "instances": [
        {
          "schema_version": 0,
          "attributes": {
            "addon_name": "vpc-cni",
            "addon_version": "v1.15.1-eksbuild.1",
            "arn": "arn:aws:eks:us-west-2:962804699607:addon/gr5-capstone2-eks-cluster/vpc-cni/dec6c7fa-fa56-55cb-ca38-cb80e04baa48",
            "cluster_name": "gr5-capstone2-eks-cluster",
            "configuration_values": "",
            "created_at": "2024-02-09T22:21:17Z",
            "id": "gr5-capstone2-eks-cluster:vpc-cni",
            "modified_at": "2024-02-09T22:21:22Z",
            "preserve": null,
            "resolve_conflicts": null,
            "service_account_role_arn": "",
            "tags": null,
            "tags_all": {},
            "timeouts": null
          },
          "sensitive_attributes": [],
          "private": "eyJlMmJmYjczMC1lY2FhLTExZTYtOGY4OC0zNDM2M2JjN2M0YzAiOnsiY3JlYXRlIjoxMjAwMDAwMDAwMDAwLCJkZWxldGUiOjI0MDAwMDAwMDAwMDAsInVwZGF0ZSI6MTIwMDAwMDAwMDAwMH19",
          "dependencies": [
            "aws_eks_cluster.gr5_capstone2_eks_cluster",
            "aws_iam_role.gr5_capstone2_eks_cluster_role",
            "aws_iam_role_policy_attachment.gr5_capstone2_cluster_policy",
            "aws_subnet.gr5_capstone2_private_us_west_2a",
            "aws_subnet.gr5_capstone2_private_us_west_2b",
            "aws_subnet.gr5_capstone2_public_us_west_2a",
            "aws_subnet.gr5_capstone2_public_us_west_2b",
            "aws_vpc.gr5_capstone2_vpc_stack",
            "data.aws_iam_policy_document.gr5_assume_role"
          ]
        }
      ]
    },
    {
      "mode": "managed",
      "type": "aws_eks_cluster",
      "name": "gr5_capstone2_eks_cluster",
      "provider": "provider[\"registry.terraform.io/hashicorp/aws\"]",
      "instances": [
        {
          "schema_version": 0,
          "attributes": {
            "arn": "arn:aws:eks:us-west-2:962804699607:cluster/gr5-capstone2-eks-cluster",
            "certificate_authority": [
              {
                "data": "LS0tLS1CRUdJTiBDRVJUSUZJQ0FURS0tLS0tCk1JSURCVENDQWUyZ0F3SUJBZ0lJRG4wQll2TzhWZ0F3RFFZSktvWklodmNOQVFFTEJRQXdGVEVUTUJFR0ExVUUKQXhNS2EzVmlaWEp1WlhSbGN6QWVGdzB5TkRBeU1Ea3lNakV5TXpWYUZ3MHpOREF5TURZeU1qRTNNelZhTUJVeApFekFSQmdOVkJBTVRDbXQxWW1WeWJtVjBaWE13Z2dFaU1BMEdDU3FHU0liM0RRRUJBUVVBQTRJQkR3QXdnZ0VLCkFvSUJBUURzbFRPcXZYUEo0WkNSdzhxN0xXRFUxMDlETnZLSUNBNWg4VjJrN3ljYkczcVp2a1J0TkdyVHBvYisKalBVNXhZZ0t6N1lnMHlHd3VXQ2ZlUzMyZCtxUHR6NTVRWWpNdTlUQ3V0K0EzY0FQQ0tWSkdzam5VUnhnREVqTwpCSERFaTcvR1JhZllSekFSaEtqTWpqMmlBbW5CMGdCSjcvYkVNVTlBdzUrbHRRQThiZXBQbGx3UGZRQW16b1BTCk5nQ09VOUR0U0ZVM3FSaFRxZFZMb0xicGhiRUZXbk9DcG40OGdMdkQ4OEF5dkIxQnN1cDJ0SFNTeHIrYXB1SXkKMlF3ZTdKN1gzRlpGb2RaLzNnVlhrdjF2UkZ1dDhSY2wzd1VZT3hwZUdnbzJpWmVzS3ZLdzZBVWUyUWp0bXV4NwprczFMUDZMWVBZSkUxSkR6SWpPbE1aU3NqWThmQWdNQkFBR2pXVEJYTUE0R0ExVWREd0VCL3dRRUF3SUNwREFQCkJnTlZIUk1CQWY4RUJUQURBUUgvTUIwR0ExVWREZ1FXQkJRUzNKQUVjdWRza1ZqQUI4bjVOZlpFLzNJeWtEQVYKQmdOVkhSRUVEakFNZ2dwcmRXSmxjbTVsZEdWek1BMEdDU3FHU0liM0RRRUJDd1VBQTRJQkFRQm5Ud3dtSW8vLwpqbVV1MG41MWRVV0RHa2x3SmR1eTNlQzFjQ1NOdmZDUFNBbk1ndHFGemFlNVJwajRhWlUyOGVCeHhTbGxmdjBTCmZzbWwxajRwcWt2MGNIcy92eEJPNC9mZy8zSHVRU2NJSFl3cm9zOWNlYWhWOHhTWXRrSUl6dlFucHVSRDBHdVUKcHRWclBRRzY3RnNUL00vZUlTYlFja1NFZHV1SzhYeVJoYjZyaCt5TEt1NzdWZ0VDZ1JieWVYK3lwc3F6bC9RNApKdmZTclJQd1VwWlVWNlB1UE1lbm9NL1RWTTViOFo1UFI2UU15Y1dkMTdkQitXaEVxWmlVTGI5eHdyVGxSeHFaCmNUQm9MSHdiTHpheGNhcU1kT0MxSlNnSjV6cStBK3phcjhmTnJ1eVZHMmVOUlhseU9IaUVvU2dkTWt0UElSMzkKUWtJdmxVNGwwSFNyCi0tLS0tRU5EIENFUlRJRklDQVRFLS0tLS0K"
              }
            ],
            "cluster_id": null,
            "created_at": "2024-02-09 22:12:02.829 +0000 UTC",
            "enabled_cluster_log_types": null,
            "encryption_config": [],
            "endpoint": "https://9223C4D67A9620AC8AED826F9018EE4B.gr7.us-west-2.eks.amazonaws.com",
            "id": "gr5-capstone2-eks-cluster",
            "identity": [
              {
                "oidc": [
                  {
                    "issuer": "https://oidc.eks.us-west-2.amazonaws.com/id/9223C4D67A9620AC8AED826F9018EE4B"
                  }
                ]
              }
            ],
            "kubernetes_network_config": [
              {
                "ip_family": "ipv4",
                "service_ipv4_cidr": "10.100.0.0/16",
                "service_ipv6_cidr": ""
              }
            ],
            "name": "gr5-capstone2-eks-cluster",
            "outpost_config": [],
            "platform_version": "eks.7",
            "role_arn": "arn:aws:iam::962804699607:role/gr5-capstone2-eks-cluster-role",
            "status": "ACTIVE",
            "tags": null,
            "tags_all": {},
            "timeouts": null,
            "version": "1.28",
            "vpc_config": [
              {
                "cluster_security_group_id": "sg-04a9e51875977e261",
                "endpoint_private_access": false,
                "endpoint_public_access": true,
                "public_access_cidrs": [
                  "0.0.0.0/0"
                ],
                "security_group_ids": null,
                "subnet_ids": [
                  "subnet-04935b62f37fd58d5",
                  "subnet-04ba84e6cd943678a",
                  "subnet-0b87237370c3e0080",
                  "subnet-0c4e84005157750ea"
                ],
                "vpc_id": "vpc-0eb4d824c3d791a25"
              }
            ]
          },
          "sensitive_attributes": [],
          "private": "eyJlMmJmYjczMC1lY2FhLTExZTYtOGY4OC0zNDM2M2JjN2M0YzAiOnsiY3JlYXRlIjoxODAwMDAwMDAwMDAwLCJkZWxldGUiOjkwMDAwMDAwMDAwMCwidXBkYXRlIjozNjAwMDAwMDAwMDAwfX0=",
          "dependencies": [
            "aws_iam_role.gr5_capstone2_eks_cluster_role",
            "aws_iam_role_policy_attachment.gr5_capstone2_cluster_policy",
            "aws_subnet.gr5_capstone2_private_us_west_2a",
            "aws_subnet.gr5_capstone2_private_us_west_2b",
            "aws_subnet.gr5_capstone2_public_us_west_2a",
            "aws_subnet.gr5_capstone2_public_us_west_2b",
            "aws_vpc.gr5_capstone2_vpc_stack",
            "data.aws_iam_policy_document.gr5_assume_role"
          ]
        }
      ]
    },
    {
      "mode": "managed",
      "type": "aws_eks_fargate_profile",
      "name": "gr5_capstone2_kube_system",
      "provider": "provider[\"registry.terraform.io/hashicorp/aws\"]",
      "instances": [
        {
          "schema_version": 0,
          "attributes": {
            "arn": "arn:aws:eks:us-west-2:962804699607:fargateprofile/gr5-capstone2-eks-cluster/gr5-capstone2-kube-system/70c6c7fa-fa55-9e6b-1b30-c8e9d7f2ca89",
            "cluster_name": "gr5-capstone2-eks-cluster",
            "fargate_profile_name": "gr5-capstone2-kube-system",
            "id": "gr5-capstone2-eks-cluster:gr5-capstone2-kube-system",
            "pod_execution_role_arn": "arn:aws:iam::962804699607:role/gr5-capstone2-eks-fargate-profile",
            "selector": [
              {
                "labels": null,
                "namespace": "kube-system"
              }
            ],
            "status": "ACTIVE",
            "subnet_ids": [
              "subnet-0b87237370c3e0080",
              "subnet-0c4e84005157750ea"
            ],
            "tags": null,
            "tags_all": {},
            "timeouts": null
          },
          "sensitive_attributes": [],
          "private": "eyJlMmJmYjczMC1lY2FhLTExZTYtOGY4OC0zNDM2M2JjN2M0YzAiOnsiY3JlYXRlIjo2MDAwMDAwMDAwMDAsImRlbGV0ZSI6NjAwMDAwMDAwMDAwfX0=",
          "dependencies": [
            "aws_eks_cluster.gr5_capstone2_eks_cluster",
            "aws_iam_role.gr5_capstone2_eks_cluster_role",
            "aws_iam_role.gr5_capstone2_eks_fargate_profile",
            "aws_iam_role_policy_attachment.gr5_capstone2_cluster_policy",
            "aws_subnet.gr5_capstone2_private_us_west_2a",
            "aws_subnet.gr5_capstone2_private_us_west_2b",
            "aws_subnet.gr5_capstone2_public_us_west_2a",
            "aws_subnet.gr5_capstone2_public_us_west_2b",
            "aws_vpc.gr5_capstone2_vpc_stack",
            "data.aws_iam_policy_document.gr5_assume_role",
            "data.aws_iam_policy_document.gr5_assume_role_fargate"
          ]
        }
      ]
    },
    {
      "mode": "managed",
      "type": "aws_iam_role",
      "name": "gr5_capstone2_eks_cluster_role",
      "provider": "provider[\"registry.terraform.io/hashicorp/aws\"]",
      "instances": [
        {
          "schema_version": 0,
          "attributes": {
            "arn": "arn:aws:iam::962804699607:role/gr5-capstone2-eks-cluster-role",
            "assume_role_policy": "{\"Statement\":[{\"Action\":\"sts:AssumeRole\",\"Effect\":\"Allow\",\"Principal\":{\"Service\":\"eks.amazonaws.com\"},\"Sid\":\"\"}],\"Version\":\"2012-10-17\"}",
            "create_date": "2024-02-09T22:11:37Z",
            "description": "",
            "force_detach_policies": false,
            "id": "gr5-capstone2-eks-cluster-role",
            "inline_policy": [],
            "managed_policy_arns": [],
            "max_session_duration": 3600,
            "name": "gr5-capstone2-eks-cluster-role",
            "name_prefix": "",
            "path": "/",
            "permissions_boundary": null,
            "role_last_used": [
              {
                "last_used_date": "",
                "region": ""
              }
            ],
            "tags": null,
            "tags_all": {},
            "unique_id": "AROA6AK5B2HL5B2J7KX3L"
          },
          "sensitive_attributes": [],
          "private": "bnVsbA==",
          "dependencies": [
            "data.aws_iam_policy_document.gr5_assume_role"
          ]
        }
      ]
    },
    {
      "mode": "managed",
      "type": "aws_iam_role",
      "name": "gr5_capstone2_eks_fargate_profile",
      "provider": "provider[\"registry.terraform.io/hashicorp/aws\"]",
      "instances": [
        {
          "schema_version": 0,
          "attributes": {
            "arn": "arn:aws:iam::962804699607:role/gr5-capstone2-eks-fargate-profile",
            "assume_role_policy": "{\"Statement\":[{\"Action\":\"sts:AssumeRole\",\"Effect\":\"Allow\",\"Principal\":{\"Service\":\"eks-fargate-pods.amazonaws.com\"},\"Sid\":\"\"}],\"Version\":\"2012-10-17\"}",
            "create_date": "2024-02-09T22:11:37Z",
            "description": "",
            "force_detach_policies": false,
            "id": "gr5-capstone2-eks-fargate-profile",
            "inline_policy": [],
            "managed_policy_arns": [],
            "max_session_duration": 3600,
            "name": "gr5-capstone2-eks-fargate-profile",
            "name_prefix": "",
            "path": "/",
            "permissions_boundary": null,
            "role_last_used": [
              {
                "last_used_date": "",
                "region": ""
              }
            ],
            "tags": null,
            "tags_all": {},
            "unique_id": "AROA6AK5B2HLZ64WQZR2T"
          },
          "sensitive_attributes": [],
          "private": "bnVsbA==",
          "dependencies": [
            "data.aws_iam_policy_document.gr5_assume_role_fargate"
          ]
        }
      ]
    },
    {
      "mode": "managed",
      "type": "aws_iam_role_policy_attachment",
      "name": "gr5_capstone2_cluster_policy",
      "provider": "provider[\"registry.terraform.io/hashicorp/aws\"]",
      "instances": [
        {
          "schema_version": 0,
          "attributes": {
            "id": "gr5-capstone2-eks-cluster-role-20240209221137414200000001",
            "policy_arn": "arn:aws:iam::aws:policy/AmazonEKSClusterPolicy",
            "role": "gr5-capstone2-eks-cluster-role"
          },
          "sensitive_attributes": [],
          "private": "bnVsbA==",
          "dependencies": [
            "aws_iam_role.gr5_capstone2_eks_cluster_role",
            "data.aws_iam_policy_document.gr5_assume_role"
          ]
        }
      ]
    },
    {
      "mode": "managed",
      "type": "aws_iam_role_policy_attachment",
      "name": "gr5_capstone2_eks-fargate-profile_policy",
      "provider": "provider[\"registry.terraform.io/hashicorp/aws\"]",
      "instances": [
        {
          "schema_version": 0,
          "attributes": {
            "id": "gr5-capstone2-eks-fargate-profile-20240209221137432000000002",
            "policy_arn": "arn:aws:iam::aws:policy/AmazonEKSFargatePodExecutionRolePolicy",
            "role": "gr5-capstone2-eks-fargate-profile"
          },
          "sensitive_attributes": [],
          "private": "bnVsbA==",
          "dependencies": [
            "aws_iam_role.gr5_capstone2_eks_fargate_profile",
            "data.aws_iam_policy_document.gr5_assume_role_fargate"
          ]
        }
      ]
    },
    {
      "mode": "managed",
      "type": "aws_internet_gateway",
      "name": "gr5_capstone2_igw",
      "provider": "provider[\"registry.terraform.io/hashicorp/aws\"]",
      "instances": [
        {
          "schema_version": 0,
          "attributes": {
            "arn": "arn:aws:ec2:us-west-2:962804699607:internet-gateway/igw-075c184199052a57a",
            "id": "igw-075c184199052a57a",
            "owner_id": "962804699607",
            "tags": {
              "Name": "gr5-capstone2-igw"
            },
            "tags_all": {
              "Name": "gr5-capstone2-igw"
            },
            "timeouts": null,
            "vpc_id": "vpc-0eb4d824c3d791a25"
          },
          "sensitive_attributes": [],
          "private": "eyJlMmJmYjczMC1lY2FhLTExZTYtOGY4OC0zNDM2M2JjN2M0YzAiOnsiY3JlYXRlIjoxMjAwMDAwMDAwMDAwLCJkZWxldGUiOjEyMDAwMDAwMDAwMDAsInVwZGF0ZSI6MTIwMDAwMDAwMDAwMH19",
          "dependencies": [
            "aws_vpc.gr5_capstone2_vpc_stack"
          ]
        }
      ]
    },
    {
      "mode": "managed",
      "type": "aws_nat_gateway",
      "name": "gr5_capstone2_nat",
      "provider": "provider[\"registry.terraform.io/hashicorp/aws\"]",
      "instances": [
        {
          "schema_version": 0,
          "attributes": {
            "allocation_id": "eipalloc-0e0fa8f53df8b30f4",
            "association_id": "eipassoc-0e080ac8d0742023f",
            "connectivity_type": "public",
            "id": "nat-0832e0c9ed431546c",
            "network_interface_id": "eni-0b5a045cbbc4d4e7b",
            "private_ip": "192.168.48.87",
            "public_ip": "54.184.123.222",
            "subnet_id": "subnet-04ba84e6cd943678a",
            "tags": {
              "Name": "gr5-capstone2-nat"
            },
            "tags_all": {
              "Name": "gr5-capstone2-nat"
            }
          },
          "sensitive_attributes": [],
          "private": "bnVsbA==",
          "dependencies": [
            "aws_eip.gr5_capstone2_nat",
            "aws_internet_gateway.gr5_capstone2_igw",
            "aws_subnet.gr5_capstone2_public_us_west_2a",
            "aws_vpc.gr5_capstone2_vpc_stack"
          ]
        }
      ]
    },
    {
      "mode": "managed",
      "type": "aws_route_table",
      "name": "gr5_capstone2_private",
      "provider": "provider[\"registry.terraform.io/hashicorp/aws\"]",
      "instances": [
        {
          "schema_version": 0,
          "attributes": {
            "arn": "arn:aws:ec2:us-west-2:962804699607:route-table/rtb-037e15ce01e1a8995",
            "id": "rtb-037e15ce01e1a8995",
            "owner_id": "962804699607",
            "propagating_vgws": [],
            "route": [
              {
                "carrier_gateway_id": "",
                "cidr_block": "0.0.0.0/0",
                "core_network_arn": "",
                "destination_prefix_list_id": "",
                "egress_only_gateway_id": "",
                "gateway_id": "",
                "instance_id": "",
                "ipv6_cidr_block": "",
                "local_gateway_id": "",
                "nat_gateway_id": "nat-0832e0c9ed431546c",
                "network_interface_id": "",
                "transit_gateway_id": "",
                "vpc_endpoint_id": "",
                "vpc_peering_connection_id": ""
              }
            ],
            "tags": {
              "Name": "gr5-capstone2-private"
            },
            "tags_all": {
              "Name": "gr5-capstone2-private"
            },
            "timeouts": null,
            "vpc_id": "vpc-0eb4d824c3d791a25"
          },
          "sensitive_attributes": [],
          "private": "eyJlMmJmYjczMC1lY2FhLTExZTYtOGY4OC0zNDM2M2JjN2M0YzAiOnsiY3JlYXRlIjozMDAwMDAwMDAwMDAsImRlbGV0ZSI6MzAwMDAwMDAwMDAwLCJ1cGRhdGUiOjEyMDAwMDAwMDAwMH19",
          "dependencies": [
            "aws_eip.gr5_capstone2_nat",
            "aws_internet_gateway.gr5_capstone2_igw",
            "aws_nat_gateway.gr5_capstone2_nat",
            "aws_subnet.gr5_capstone2_public_us_west_2a",
            "aws_vpc.gr5_capstone2_vpc_stack"
          ]
        }
      ]
    },
    {
      "mode": "managed",
      "type": "aws_route_table",
      "name": "gr5_capstone2_public",
      "provider": "provider[\"registry.terraform.io/hashicorp/aws\"]",
      "instances": [
        {
          "schema_version": 0,
          "attributes": {
            "arn": "arn:aws:ec2:us-west-2:962804699607:route-table/rtb-075b33f444dceb528",
            "id": "rtb-075b33f444dceb528",
            "owner_id": "962804699607",
            "propagating_vgws": [],
            "route": [
              {
                "carrier_gateway_id": "",
                "cidr_block": "0.0.0.0/0",
                "core_network_arn": "",
                "destination_prefix_list_id": "",
                "egress_only_gateway_id": "",
                "gateway_id": "igw-075c184199052a57a",
                "instance_id": "",
                "ipv6_cidr_block": "",
                "local_gateway_id": "",
                "nat_gateway_id": "",
                "network_interface_id": "",
                "transit_gateway_id": "",
                "vpc_endpoint_id": "",
                "vpc_peering_connection_id": ""
              }
            ],
            "tags": {
              "Name": "gr5-capstone2-public"
            },
            "tags_all": {
              "Name": "gr5-capstone2-public"
            },
            "timeouts": null,
            "vpc_id": "vpc-0eb4d824c3d791a25"
          },
          "sensitive_attributes": [],
          "private": "eyJlMmJmYjczMC1lY2FhLTExZTYtOGY4OC0zNDM2M2JjN2M0YzAiOnsiY3JlYXRlIjozMDAwMDAwMDAwMDAsImRlbGV0ZSI6MzAwMDAwMDAwMDAwLCJ1cGRhdGUiOjEyMDAwMDAwMDAwMH19",
          "dependencies": [
            "aws_internet_gateway.gr5_capstone2_igw",
            "aws_vpc.gr5_capstone2_vpc_stack"
          ]
        }
      ]
    },
    {
      "mode": "managed",
      "type": "aws_route_table_association",
      "name": "gr5_capstone2_private-us-west-2b",
      "provider": "provider[\"registry.terraform.io/hashicorp/aws\"]",
      "instances": [
        {
          "schema_version": 0,
          "attributes": {
            "gateway_id": "",
            "id": "rtbassoc-0815a335e96b388b3",
            "route_table_id": "rtb-037e15ce01e1a8995",
            "subnet_id": "subnet-0b87237370c3e0080",
            "timeouts": null
          },
          "sensitive_attributes": [],
          "private": "eyJlMmJmYjczMC1lY2FhLTExZTYtOGY4OC0zNDM2M2JjN2M0YzAiOnsiY3JlYXRlIjozMDAwMDAwMDAwMDAsImRlbGV0ZSI6MzAwMDAwMDAwMDAwLCJ1cGRhdGUiOjEyMDAwMDAwMDAwMH19",
          "dependencies": [
            "aws_eip.gr5_capstone2_nat",
            "aws_internet_gateway.gr5_capstone2_igw",
            "aws_nat_gateway.gr5_capstone2_nat",
            "aws_route_table.gr5_capstone2_private",
            "aws_subnet.gr5_capstone2_private_us_west_2b",
            "aws_subnet.gr5_capstone2_public_us_west_2a",
            "aws_vpc.gr5_capstone2_vpc_stack"
          ]
        }
      ]
    },
    {
      "mode": "managed",
      "type": "aws_route_table_association",
      "name": "gr5_capstone2_private_us_west_2a",
      "provider": "provider[\"registry.terraform.io/hashicorp/aws\"]",
      "instances": [
        {
          "schema_version": 0,
          "attributes": {
            "gateway_id": "",
            "id": "rtbassoc-07b3170165b0961e5",
            "route_table_id": "rtb-037e15ce01e1a8995",
            "subnet_id": "subnet-0c4e84005157750ea",
            "timeouts": null
          },
          "sensitive_attributes": [],
          "private": "eyJlMmJmYjczMC1lY2FhLTExZTYtOGY4OC0zNDM2M2JjN2M0YzAiOnsiY3JlYXRlIjozMDAwMDAwMDAwMDAsImRlbGV0ZSI6MzAwMDAwMDAwMDAwLCJ1cGRhdGUiOjEyMDAwMDAwMDAwMH19",
          "dependencies": [
            "aws_eip.gr5_capstone2_nat",
            "aws_internet_gateway.gr5_capstone2_igw",
            "aws_nat_gateway.gr5_capstone2_nat",
            "aws_route_table.gr5_capstone2_private",
            "aws_subnet.gr5_capstone2_private_us_west_2a",
            "aws_subnet.gr5_capstone2_public_us_west_2a",
            "aws_vpc.gr5_capstone2_vpc_stack"
          ]
        }
      ]
    },
    {
      "mode": "managed",
      "type": "aws_route_table_association",
      "name": "gr5_capstone2_public-us-west-2a",
      "provider": "provider[\"registry.terraform.io/hashicorp/aws\"]",
      "instances": [
        {
          "schema_version": 0,
          "attributes": {
            "gateway_id": "",
            "id": "rtbassoc-0cde469c1d08dabc1",
            "route_table_id": "rtb-075b33f444dceb528",
            "subnet_id": "subnet-04ba84e6cd943678a",
            "timeouts": null
          },
          "sensitive_attributes": [],
          "private": "eyJlMmJmYjczMC1lY2FhLTExZTYtOGY4OC0zNDM2M2JjN2M0YzAiOnsiY3JlYXRlIjozMDAwMDAwMDAwMDAsImRlbGV0ZSI6MzAwMDAwMDAwMDAwLCJ1cGRhdGUiOjEyMDAwMDAwMDAwMH19",
          "dependencies": [
            "aws_internet_gateway.gr5_capstone2_igw",
            "aws_route_table.gr5_capstone2_public",
            "aws_subnet.gr5_capstone2_public_us_west_2a",
            "aws_vpc.gr5_capstone2_vpc_stack"
          ]
        }
      ]
    },
    {
      "mode": "managed",
      "type": "aws_route_table_association",
      "name": "gr5_capstone2_public-us-west-2b",
      "provider": "provider[\"registry.terraform.io/hashicorp/aws\"]",
      "instances": [
        {
          "schema_version": 0,
          "attributes": {
            "gateway_id": "",
            "id": "rtbassoc-01c67d2c77b210017",
            "route_table_id": "rtb-075b33f444dceb528",
            "subnet_id": "subnet-04935b62f37fd58d5",
            "timeouts": null
          },
          "sensitive_attributes": [],
          "private": "eyJlMmJmYjczMC1lY2FhLTExZTYtOGY4OC0zNDM2M2JjN2M0YzAiOnsiY3JlYXRlIjozMDAwMDAwMDAwMDAsImRlbGV0ZSI6MzAwMDAwMDAwMDAwLCJ1cGRhdGUiOjEyMDAwMDAwMDAwMH19",
          "dependencies": [
            "aws_internet_gateway.gr5_capstone2_igw",
            "aws_route_table.gr5_capstone2_public",
            "aws_subnet.gr5_capstone2_public_us_west_2b",
            "aws_vpc.gr5_capstone2_vpc_stack"
          ]
        }
      ]
    },
    {
      "mode": "managed",
      "type": "aws_subnet",
      "name": "gr5_capstone2_private_us_west_2a",
      "provider": "provider[\"registry.terraform.io/hashicorp/aws\"]",
      "instances": [
        {
          "schema_version": 1,
          "attributes": {
            "arn": "arn:aws:ec2:us-west-2:962804699607:subnet/subnet-0c4e84005157750ea",
            "assign_ipv6_address_on_creation": false,
            "availability_zone": "us-west-2a",
            "availability_zone_id": "usw2-az1",
            "cidr_block": "192.168.128.0/18",
            "customer_owned_ipv4_pool": "",
            "enable_dns64": false,
            "enable_lni_at_device_index": 0,
            "enable_resource_name_dns_a_record_on_launch": false,
            "enable_resource_name_dns_aaaa_record_on_launch": false,
            "id": "subnet-0c4e84005157750ea",
            "ipv6_cidr_block": "",
            "ipv6_cidr_block_association_id": "",
            "ipv6_native": false,
            "map_customer_owned_ip_on_launch": false,
            "map_public_ip_on_launch": false,
            "outpost_arn": "",
            "owner_id": "962804699607",
            "private_dns_hostname_type_on_launch": "ip-name",
            "tags": {
              "Name": "gr5-capstone2-private-us-west-2a",
              "kubernetes.io/cluster/gr5-capstone2-eks-cluster": "owned",
              "kubernetes.io/role/internal-elb": "1"
            },
            "tags_all": {
              "Name": "gr5-capstone2-private-us-west-2a",
              "kubernetes.io/cluster/gr5-capstone2-eks-cluster": "owned",
              "kubernetes.io/role/internal-elb": "1"
            },
            "timeouts": null,
            "vpc_id": "vpc-0eb4d824c3d791a25"
          },
          "sensitive_attributes": [],
          "private": "eyJlMmJmYjczMC1lY2FhLTExZTYtOGY4OC0zNDM2M2JjN2M0YzAiOnsiY3JlYXRlIjo2MDAwMDAwMDAwMDAsImRlbGV0ZSI6MTIwMDAwMDAwMDAwMH0sInNjaGVtYV92ZXJzaW9uIjoiMSJ9",
          "dependencies": [
            "aws_vpc.gr5_capstone2_vpc_stack"
          ]
        }
      ]
    },
    {
      "mode": "managed",
      "type": "aws_subnet",
      "name": "gr5_capstone2_private_us_west_2b",
      "provider": "provider[\"registry.terraform.io/hashicorp/aws\"]",
      "instances": [
        {
          "schema_version": 1,
          "attributes": {
            "arn": "arn:aws:ec2:us-west-2:962804699607:subnet/subnet-0b87237370c3e0080",
            "assign_ipv6_address_on_creation": false,
            "availability_zone": "us-west-2b",
            "availability_zone_id": "usw2-az2",
            "cidr_block": "192.168.192.0/18",
            "customer_owned_ipv4_pool": "",
            "enable_dns64": false,
            "enable_lni_at_device_index": 0,
            "enable_resource_name_dns_a_record_on_launch": false,
            "enable_resource_name_dns_aaaa_record_on_launch": false,
            "id": "subnet-0b87237370c3e0080",
            "ipv6_cidr_block": "",
            "ipv6_cidr_block_association_id": "",
            "ipv6_native": false,
            "map_customer_owned_ip_on_launch": false,
            "map_public_ip_on_launch": false,
            "outpost_arn": "",
            "owner_id": "962804699607",
            "private_dns_hostname_type_on_launch": "ip-name",
            "tags": {
              "Name": "gr5-capstone2-private-us-west-2b",
              "kubernetes.io/cluster/gr5-capstone2-eks-cluster": "owned",
              "kubernetes.io/role/internal-elb": "1"
            },
            "tags_all": {
              "Name": "gr5-capstone2-private-us-west-2b",
              "kubernetes.io/cluster/gr5-capstone2-eks-cluster": "owned",
              "kubernetes.io/role/internal-elb": "1"
            },
            "timeouts": null,
            "vpc_id": "vpc-0eb4d824c3d791a25"
          },
          "sensitive_attributes": [],
          "private": "eyJlMmJmYjczMC1lY2FhLTExZTYtOGY4OC0zNDM2M2JjN2M0YzAiOnsiY3JlYXRlIjo2MDAwMDAwMDAwMDAsImRlbGV0ZSI6MTIwMDAwMDAwMDAwMH0sInNjaGVtYV92ZXJzaW9uIjoiMSJ9",
          "dependencies": [
            "aws_vpc.gr5_capstone2_vpc_stack"
          ]
        }
      ]
    },
    {
      "mode": "managed",
      "type": "aws_subnet",
      "name": "gr5_capstone2_public_us_west_2a",
      "provider": "provider[\"registry.terraform.io/hashicorp/aws\"]",
      "instances": [
        {
          "schema_version": 1,
          "attributes": {
            "arn": "arn:aws:ec2:us-west-2:962804699607:subnet/subnet-04ba84e6cd943678a",
            "assign_ipv6_address_on_creation": false,
            "availability_zone": "us-west-2a",
            "availability_zone_id": "usw2-az1",
            "cidr_block": "192.168.0.0/18",
            "customer_owned_ipv4_pool": "",
            "enable_dns64": false,
            "enable_lni_at_device_index": 0,
            "enable_resource_name_dns_a_record_on_launch": false,
            "enable_resource_name_dns_aaaa_record_on_launch": false,
            "id": "subnet-04ba84e6cd943678a",
            "ipv6_cidr_block": "",
            "ipv6_cidr_block_association_id": "",
            "ipv6_native": false,
            "map_customer_owned_ip_on_launch": false,
            "map_public_ip_on_launch": true,
            "outpost_arn": "",
            "owner_id": "962804699607",
            "private_dns_hostname_type_on_launch": "ip-name",
            "tags": {
              "Name": "gr5-capstone2-private-us-west-2a",
              "kubernetes.io/cluster/gr5-capstone2-eks-cluster": "owned",
              "kubernetes.io/role/internal-elb": "1"
            },
            "tags_all": {
              "Name": "gr5-capstone2-private-us-west-2a",
              "kubernetes.io/cluster/gr5-capstone2-eks-cluster": "owned",
              "kubernetes.io/role/internal-elb": "1"
            },
            "timeouts": null,
            "vpc_id": "vpc-0eb4d824c3d791a25"
          },
          "sensitive_attributes": [],
          "private": "eyJlMmJmYjczMC1lY2FhLTExZTYtOGY4OC0zNDM2M2JjN2M0YzAiOnsiY3JlYXRlIjo2MDAwMDAwMDAwMDAsImRlbGV0ZSI6MTIwMDAwMDAwMDAwMH0sInNjaGVtYV92ZXJzaW9uIjoiMSJ9",
          "dependencies": [
            "aws_vpc.gr5_capstone2_vpc_stack"
          ]
        }
      ]
    },
    {
      "mode": "managed",
      "type": "aws_subnet",
      "name": "gr5_capstone2_public_us_west_2b",
      "provider": "provider[\"registry.terraform.io/hashicorp/aws\"]",
      "instances": [
        {
          "schema_version": 1,
          "attributes": {
            "arn": "arn:aws:ec2:us-west-2:962804699607:subnet/subnet-04935b62f37fd58d5",
            "assign_ipv6_address_on_creation": false,
            "availability_zone": "us-west-2b",
            "availability_zone_id": "usw2-az2",
            "cidr_block": "192.168.64.0/18",
            "customer_owned_ipv4_pool": "",
            "enable_dns64": false,
            "enable_lni_at_device_index": 0,
            "enable_resource_name_dns_a_record_on_launch": false,
            "enable_resource_name_dns_aaaa_record_on_launch": false,
            "id": "subnet-04935b62f37fd58d5",
            "ipv6_cidr_block": "",
            "ipv6_cidr_block_association_id": "",
            "ipv6_native": false,
            "map_customer_owned_ip_on_launch": false,
            "map_public_ip_on_launch": true,
            "outpost_arn": "",
            "owner_id": "962804699607",
            "private_dns_hostname_type_on_launch": "ip-name",
            "tags": {
              "Name": "gr5-capstone2-private-us-west-2b",
              "kubernetes.io/cluster/gr5-capstone2-eks-cluster": "owned",
              "kubernetes.io/role/internal-elb": "1"
            },
            "tags_all": {
              "Name": "gr5-capstone2-private-us-west-2b",
              "kubernetes.io/cluster/gr5-capstone2-eks-cluster": "owned",
              "kubernetes.io/role/internal-elb": "1"
            },
            "timeouts": null,
            "vpc_id": "vpc-0eb4d824c3d791a25"
          },
          "sensitive_attributes": [],
          "private": "eyJlMmJmYjczMC1lY2FhLTExZTYtOGY4OC0zNDM2M2JjN2M0YzAiOnsiY3JlYXRlIjo2MDAwMDAwMDAwMDAsImRlbGV0ZSI6MTIwMDAwMDAwMDAwMH0sInNjaGVtYV92ZXJzaW9uIjoiMSJ9",
          "dependencies": [
            "aws_vpc.gr5_capstone2_vpc_stack"
          ]
        }
      ]
    },
    {
      "mode": "managed",
      "type": "aws_vpc",
      "name": "gr5_capstone2_vpc_stack",
      "provider": "provider[\"registry.terraform.io/hashicorp/aws\"]",
      "instances": [
        {
          "schema_version": 1,
          "attributes": {
            "arn": "arn:aws:ec2:us-west-2:962804699607:vpc/vpc-0eb4d824c3d791a25",
            "assign_generated_ipv6_cidr_block": false,
            "cidr_block": "192.168.0.0/16",
            "default_network_acl_id": "acl-087941feee81c24e3",
            "default_route_table_id": "rtb-09713dec2816c02d6",
            "default_security_group_id": "sg-0687e5b901a59a892",
            "dhcp_options_id": "dopt-f518238d",
            "enable_classiclink": false,
            "enable_classiclink_dns_support": false,
            "enable_dns_hostnames": true,
            "enable_dns_support": true,
            "enable_network_address_usage_metrics": false,
            "id": "vpc-0eb4d824c3d791a25",
            "instance_tenancy": "default",
            "ipv4_ipam_pool_id": null,
            "ipv4_netmask_length": null,
            "ipv6_association_id": "",
            "ipv6_cidr_block": "",
            "ipv6_cidr_block_network_border_group": "",
            "ipv6_ipam_pool_id": "",
            "ipv6_netmask_length": 0,
            "main_route_table_id": "rtb-09713dec2816c02d6",
            "owner_id": "962804699607",
            "tags": {
              "Name": "gr5-capstone2-vpc-stack"
            },
            "tags_all": {
              "Name": "gr5-capstone2-vpc-stack"
            }
          },
          "sensitive_attributes": [],
          "private": "eyJzY2hlbWFfdmVyc2lvbiI6IjEifQ=="
        }
      ]
    }
  ],
  "check_results": null
}
