{
  "version": 4,
  "terraform_version": "1.7.3",
  "serial": 386,
  "lineage": "c6cdfbb3-045f-8cf8-7bf6-749bf173aceb",
  "outputs": {},
  "resources": [
    {
      "mode": "data",
      "type": "aws_iam_policy_document",
      "name": "gr5_assume_role",
      "provider": "provider[\"registry.terraform.io/hashicorp/aws\"]",
      "instances": [
        {
          "schema_version": 0,
          "attributes": {
            "id": "189502314",
            "json": "{\n  \"Version\": \"2012-10-17\",\n  \"Statement\": [\n    {\n      \"Sid\": \"\",\n      \"Effect\": \"Allow\",\n      \"Action\": \"sts:AssumeRole\",\n      \"Principal\": {\n        \"Service\": \"eks.amazonaws.com\"\n      }\n    }\n  ]\n}",
            "override_json": null,
            "override_policy_documents": null,
            "policy_id": null,
            "source_json": null,
            "source_policy_documents": null,
            "statement": [
              {
                "actions": [
                  "sts:AssumeRole"
                ],
                "condition": [],
                "effect": "Allow",
                "not_actions": [],
                "not_principals": [],
                "not_resources": [],
                "principals": [
                  {
                    "identifiers": [
                      "eks.amazonaws.com"
                    ],
                    "type": "Service"
                  }
                ],
                "resources": [],
                "sid": ""
              }
            ],
            "version": "2012-10-17"
          },
          "sensitive_attributes": []
        }
      ]
    },
    {
      "mode": "data",
      "type": "aws_iam_policy_document",
      "name": "gr5_assume_role_fargate",
      "provider": "provider[\"registry.terraform.io/hashicorp/aws\"]",
      "instances": [
        {
          "schema_version": 0,
          "attributes": {
            "id": "3567408449",
            "json": "{\n  \"Version\": \"2012-10-17\",\n  \"Statement\": [\n    {\n      \"Sid\": \"\",\n      \"Effect\": \"Allow\",\n      \"Action\": \"sts:AssumeRole\",\n      \"Principal\": {\n        \"Service\": \"eks-fargate-pods.amazonaws.com\"\n      }\n    }\n  ]\n}",
            "override_json": null,
            "override_policy_documents": null,
            "policy_id": null,
            "source_json": null,
            "source_policy_documents": null,
            "statement": [
              {
                "actions": [
                  "sts:AssumeRole"
                ],
                "condition": [],
                "effect": "Allow",
                "not_actions": [],
                "not_principals": [],
                "not_resources": [],
                "principals": [
                  {
                    "identifiers": [
                      "eks-fargate-pods.amazonaws.com"
                    ],
                    "type": "Service"
                  }
                ],
                "resources": [],
                "sid": ""
              }
            ],
            "version": "2012-10-17"
          },
          "sensitive_attributes": []
        }
      ]
    },
    {
      "mode": "managed",
      "type": "aws_eip",
      "name": "gr5_capstone2_nat",
      "provider": "provider[\"registry.terraform.io/hashicorp/aws\"]",
      "instances": [
        {
          "schema_version": 0,
          "attributes": {
            "address": null,
            "allocation_id": "eipalloc-0d2862ba75c9ceb96",
            "associate_with_private_ip": null,
            "association_id": "",
            "carrier_ip": "",
            "customer_owned_ip": "",
            "customer_owned_ipv4_pool": "",
            "domain": "vpc",
            "id": "eipalloc-0d2862ba75c9ceb96",
            "instance": "",
            "network_border_group": "us-west-2",
            "network_interface": "",
            "private_dns": null,
            "private_ip": "",
            "public_dns": "ec2-54-190-246-165.us-west-2.compute.amazonaws.com",
            "public_ip": "54.190.246.165",
            "public_ipv4_pool": "amazon",
            "tags": {
              "Name": "gr5-capstone2-nat"
            },
            "tags_all": {
              "Name": "gr5-capstone2-nat"
            },
            "timeouts": null,
            "vpc": true
          },
          "sensitive_attributes": [],
          "private": "eyJlMmJmYjczMC1lY2FhLTExZTYtOGY4OC0zNDM2M2JjN2M0YzAiOnsiZGVsZXRlIjoxODAwMDAwMDAwMDAsInJlYWQiOjkwMDAwMDAwMDAwMCwidXBkYXRlIjozMDAwMDAwMDAwMDB9fQ=="
        }
      ]
    },
    {
      "mode": "managed",
      "type": "aws_eks_addon",
      "name": "gr5_capstone2_coredns",
      "provider": "provider[\"registry.terraform.io/hashicorp/aws\"]",
      "instances": [
        {
          "schema_version": 0,
          "attributes": {
            "addon_name": "coredns",
            "addon_version": "v1.10.1-eksbuild.7",
            "arn": "arn:aws:eks:us-west-2:962804699607:addon/gr5-capstone2-eks-cluster/coredns/26c6c8e4-6df6-1475-677b-6c8e29c894e7",
            "cluster_name": "gr5-capstone2-eks-cluster",
            "configuration_values": "",
            "created_at": "2024-02-10T06:51:16Z",
            "id": "gr5-capstone2-eks-cluster:coredns",
            "modified_at": "2024-02-10T06:52:24Z",
            "preserve": null,
            "resolve_conflicts": "OVERWRITE",
            "service_account_role_arn": "",
            "tags": null,
            "tags_all": {},
            "timeouts": null
          },
          "sensitive_attributes": [],
          "private": "eyJlMmJmYjczMC1lY2FhLTExZTYtOGY4OC0zNDM2M2JjN2M0YzAiOnsiY3JlYXRlIjoxMjAwMDAwMDAwMDAwLCJkZWxldGUiOjI0MDAwMDAwMDAwMDAsInVwZGF0ZSI6MTIwMDAwMDAwMDAwMH19",
          "dependencies": [
            "aws_eks_cluster.gr5_capstone2_eks_cluster",
            "aws_eks_fargate_profile.gr5_capstone2_kube_system",
            "aws_iam_role.gr5_capstone2_eks_cluster_role",
            "aws_iam_role.gr5_capstone2_eks_fargate_profile",
            "aws_iam_role_policy_attachment.gr5_capstone2_cluster_policy",
            "aws_subnet.gr5_capstone2_private_us_west_2a",
            "aws_subnet.gr5_capstone2_private_us_west_2b",
            "aws_subnet.gr5_capstone2_public_us_west_2a",
            "aws_subnet.gr5_capstone2_public_us_west_2b",
            "aws_vpc.gr5_capstone2_vpc_stack",
            "data.aws_iam_policy_document.gr5_assume_role",
            "data.aws_iam_policy_document.gr5_assume_role_fargate"
          ]
        }
      ]
    },
    {
      "mode": "managed",
      "type": "aws_eks_addon",
      "name": "gr5_capstone2_kube_proxy",
      "provider": "provider[\"registry.terraform.io/hashicorp/aws\"]",
      "instances": [
        {
          "schema_version": 0,
          "attributes": {
            "addon_name": "kube-proxy",
            "addon_version": "v1.28.2-eksbuild.2",
            "arn": "arn:aws:eks:us-west-2:962804699607:addon/gr5-capstone2-eks-cluster/kube-proxy/30c6c8e2-e7da-8ff6-5d62-7f026e9347f3",
            "cluster_name": "gr5-capstone2-eks-cluster",
            "configuration_values": "",
            "created_at": "2024-02-10T06:47:56Z",
            "id": "gr5-capstone2-eks-cluster:kube-proxy",
            "modified_at": "2024-02-10T06:47:59Z",
            "preserve": null,
            "resolve_conflicts": null,
            "service_account_role_arn": "",
            "tags": null,
            "tags_all": {},
            "timeouts": null
          },
          "sensitive_attributes": [],
          "private": "eyJlMmJmYjczMC1lY2FhLTExZTYtOGY4OC0zNDM2M2JjN2M0YzAiOnsiY3JlYXRlIjoxMjAwMDAwMDAwMDAwLCJkZWxldGUiOjI0MDAwMDAwMDAwMDAsInVwZGF0ZSI6MTIwMDAwMDAwMDAwMH19",
          "dependencies": [
            "aws_eks_cluster.gr5_capstone2_eks_cluster",
            "aws_iam_role.gr5_capstone2_eks_cluster_role",
            "aws_iam_role_policy_attachment.gr5_capstone2_cluster_policy",
            "aws_subnet.gr5_capstone2_private_us_west_2a",
            "aws_subnet.gr5_capstone2_private_us_west_2b",
            "aws_subnet.gr5_capstone2_public_us_west_2a",
            "aws_subnet.gr5_capstone2_public_us_west_2b",
            "aws_vpc.gr5_capstone2_vpc_stack",
            "data.aws_iam_policy_document.gr5_assume_role"
          ]
        }
      ]
    },
    {
      "mode": "managed",
      "type": "aws_eks_addon",
      "name": "gr5_capstone2_vpc_cni",
      "provider": "provider[\"registry.terraform.io/hashicorp/aws\"]",
      "instances": [
        {
          "schema_version": 0,
          "attributes": {
            "addon_name": "vpc-cni",
            "addon_version": "v1.15.1-eksbuild.1",
            "arn": "arn:aws:eks:us-west-2:962804699607:addon/gr5-capstone2-eks-cluster/vpc-cni/2cc6c8e2-e7db-c6a9-2084-708243841e86",
            "cluster_name": "gr5-capstone2-eks-cluster",
            "configuration_values": "",
            "created_at": "2024-02-10T06:47:56Z",
            "id": "gr5-capstone2-eks-cluster:vpc-cni",
            "modified_at": "2024-02-10T06:48:01Z",
            "preserve": null,
            "resolve_conflicts": null,
            "service_account_role_arn": "",
            "tags": null,
            "tags_all": {},
            "timeouts": null
          },
          "sensitive_attributes": [],
          "private": "eyJlMmJmYjczMC1lY2FhLTExZTYtOGY4OC0zNDM2M2JjN2M0YzAiOnsiY3JlYXRlIjoxMjAwMDAwMDAwMDAwLCJkZWxldGUiOjI0MDAwMDAwMDAwMDAsInVwZGF0ZSI6MTIwMDAwMDAwMDAwMH19",
          "dependencies": [
            "aws_eks_cluster.gr5_capstone2_eks_cluster",
            "aws_iam_role.gr5_capstone2_eks_cluster_role",
            "aws_iam_role_policy_attachment.gr5_capstone2_cluster_policy",
            "aws_subnet.gr5_capstone2_private_us_west_2a",
            "aws_subnet.gr5_capstone2_private_us_west_2b",
            "aws_subnet.gr5_capstone2_public_us_west_2a",
            "aws_subnet.gr5_capstone2_public_us_west_2b",
            "aws_vpc.gr5_capstone2_vpc_stack",
            "data.aws_iam_policy_document.gr5_assume_role"
          ]
        }
      ]
    },
    {
      "mode": "managed",
      "type": "aws_eks_cluster",
      "name": "gr5_capstone2_eks_cluster",
      "provider": "provider[\"registry.terraform.io/hashicorp/aws\"]",
      "instances": [
        {
          "schema_version": 0,
          "attributes": {
            "arn": "arn:aws:eks:us-west-2:962804699607:cluster/gr5-capstone2-eks-cluster",
            "certificate_authority": [
              {
                "data": "LS0tLS1CRUdJTiBDRVJUSUZJQ0FURS0tLS0tCk1JSURCVENDQWUyZ0F3SUJBZ0lJUm1OeXJncU1xQ2N3RFFZSktvWklodmNOQVFFTEJRQXdGVEVUTUJFR0ExVUUKQXhNS2EzVmlaWEp1WlhSbGN6QWVGdzB5TkRBeU1UQXdOak01TlRKYUZ3MHpOREF5TURjd05qUTBOVEphTUJVeApFekFSQmdOVkJBTVRDbXQxWW1WeWJtVjBaWE13Z2dFaU1BMEdDU3FHU0liM0RRRUJBUVVBQTRJQkR3QXdnZ0VLCkFvSUJBUURGZTI1aEk4dzhpaDlKYWl6ZGcycWMrZ09Md1NpdWZRNWcrMkZmWURKY1JaUDFrUVpuYjVtSDJXNWwKQW1YZWwvalcvU3FEOU40SkVJVUhWblZGK2sybk5OVXBkMFJxanFVcndzSWRER1VrU3dKV0lZaTJ0UzY5UnZNOQovUEJKNEFLeEZIbGgzbXgxZWNnbGlCYlV1MU42RCt6NW40U0tKTmtydHBGRTd1T2pwbHhLa3E1bGU4UlVXSERMCktJVHRRWGRGK2k0bC9UNDhLakdTRmtoYjNKY2p5RkpaV3RwL245Ull6OWtwcTRGOU9uVE4zbkM0V2xHaldLaFYKQzN4eGhROEMwZHYxakM2Nm9Za3BNbGoveGY0THdxUktDQmpVWHRYZ2Zib1h1NHJjSVpjUnhqNzZXUmUxRlNoRQozcGNnRERVVk5Qa1NKM0Z4WTBoZVVaN2ZHa1l0QWdNQkFBR2pXVEJYTUE0R0ExVWREd0VCL3dRRUF3SUNwREFQCkJnTlZIUk1CQWY4RUJUQURBUUgvTUIwR0ExVWREZ1FXQkJRVFp1d2Vqb0NZRmlNbnE3S2l4ZmJpc1VDdjB6QVYKQmdOVkhSRUVEakFNZ2dwcmRXSmxjbTVsZEdWek1BMEdDU3FHU0liM0RRRUJDd1VBQTRJQkFRQ0tYemIrVU9zWgpvc1JyLzlCbThmWmd4WnlZeThiUHU3bStIR1JBSUR1Q3FwbzNzc1M5bkNiMFlSeGlHR2hFdDJPK1JMTUlSSTZHCndIa0VuSjNwdW81bG1MZmJRK2JIOFNuYUVQMW45QS80bGlXTVpGM1dXZzJXYlNHS2lrUndPY0tSMUtzRkpja2UKcHI4UWFraU9MRmZMSGFpWlkwSnErWTdlMUxxYWg3YU96U0VOYkVORVV0cldHZXUvWmJvcTJlSm9Ia1phcldORQp1REFmYk9kUU1aSDVBRjRqbm83d1dSUUFtcThNSEVuT1NieWViL0hKdU5iR3M3b1VnT3JUcDdOTkxEUXJmWnF2CjhINFFkL2dUbUlienRrb2J2cXdPVzE3MThSZXhwd3I1Skswalc5aU5CMmF2Q0xNcS9mdTdTVmVGTGJYdEx5YTkKYkQ3WFpBanFKVXcyCi0tLS0tRU5EIENFUlRJRklDQVRFLS0tLS0K"
              }
            ],
            "cluster_id": null,
            "created_at": "2024-02-10 06:40:11.295 +0000 UTC",
            "enabled_cluster_log_types": [
              "api",
              "audit",
              "authenticator"
            ],
            "encryption_config": [],
            "endpoint": "https://304435EF581B2B3E3A34ED8F92C32EC9.gr7.us-west-2.eks.amazonaws.com",
            "id": "gr5-capstone2-eks-cluster",
            "identity": [
              {
                "oidc": [
                  {
                    "issuer": "https://oidc.eks.us-west-2.amazonaws.com/id/304435EF581B2B3E3A34ED8F92C32EC9"
                  }
                ]
              }
            ],
            "kubernetes_network_config": [
              {
                "ip_family": "ipv4",
                "service_ipv4_cidr": "172.20.0.0/16",
                "service_ipv6_cidr": ""
              }
            ],
            "name": "gr5-capstone2-eks-cluster",
            "outpost_config": [],
            "platform_version": "eks.7",
            "role_arn": "arn:aws:iam::962804699607:role/gr5-capstone2-eks-cluster-role",
            "status": "ACTIVE",
            "tags": null,
            "tags_all": {},
            "timeouts": null,
            "version": "1.28",
            "vpc_config": [
              {
                "cluster_security_group_id": "sg-0def661ac8f5448f2",
                "endpoint_private_access": false,
                "endpoint_public_access": true,
                "public_access_cidrs": [
                  "0.0.0.0/0"
                ],
                "security_group_ids": null,
                "subnet_ids": [
                  "subnet-040bb134e8615a197",
                  "subnet-070cd6937d9c4cf10",
                  "subnet-0855890ebd663d5f6",
                  "subnet-0960414ce7438326f"
                ],
                "vpc_id": "vpc-09c01da7d83b53ed3"
              }
            ]
          },
          "sensitive_attributes": [],
          "private": "eyJlMmJmYjczMC1lY2FhLTExZTYtOGY4OC0zNDM2M2JjN2M0YzAiOnsiY3JlYXRlIjoxODAwMDAwMDAwMDAwLCJkZWxldGUiOjkwMDAwMDAwMDAwMCwidXBkYXRlIjozNjAwMDAwMDAwMDAwfX0=",
          "dependencies": [
            "aws_iam_role.gr5_capstone2_eks_cluster_role",
            "aws_iam_role_policy_attachment.gr5_capstone2_cluster_policy",
            "aws_subnet.gr5_capstone2_private_us_west_2a",
            "aws_subnet.gr5_capstone2_private_us_west_2b",
            "aws_subnet.gr5_capstone2_public_us_west_2a",
            "aws_subnet.gr5_capstone2_public_us_west_2b",
            "aws_vpc.gr5_capstone2_vpc_stack",
            "data.aws_iam_policy_document.gr5_assume_role"
          ]
        }
      ]
    },
    {
      "mode": "managed",
      "type": "aws_eks_fargate_profile",
      "name": "gr5_capstone2_kube_system",
      "provider": "provider[\"registry.terraform.io/hashicorp/aws\"]",
      "instances": [
        {
          "schema_version": 0,
          "attributes": {
            "arn": "arn:aws:eks:us-west-2:962804699607:fargateprofile/gr5-capstone2-eks-cluster/gr5-capstone2-kube-system/7ec6c8e2-e7dc-3d58-e529-e0ddf3ee0842",
            "cluster_name": "gr5-capstone2-eks-cluster",
            "fargate_profile_name": "gr5-capstone2-kube-system",
            "id": "gr5-capstone2-eks-cluster:gr5-capstone2-kube-system",
            "pod_execution_role_arn": "arn:aws:iam::962804699607:role/gr5-capstone2-eks-fargate-profile",
            "selector": [
              {
                "labels": null,
                "namespace": "kube-system"
              }
            ],
            "status": "ACTIVE",
            "subnet_ids": [
              "subnet-040bb134e8615a197",
              "subnet-070cd6937d9c4cf10"
            ],
            "tags": null,
            "tags_all": {},
            "timeouts": null
          },
          "sensitive_attributes": [],
          "private": "eyJlMmJmYjczMC1lY2FhLTExZTYtOGY4OC0zNDM2M2JjN2M0YzAiOnsiY3JlYXRlIjo2MDAwMDAwMDAwMDAsImRlbGV0ZSI6NjAwMDAwMDAwMDAwfX0=",
          "dependencies": [
            "aws_eks_cluster.gr5_capstone2_eks_cluster",
            "aws_iam_role.gr5_capstone2_eks_cluster_role",
            "aws_iam_role.gr5_capstone2_eks_fargate_profile",
            "aws_iam_role_policy_attachment.gr5_capstone2_cluster_policy",
            "aws_subnet.gr5_capstone2_private_us_west_2a",
            "aws_subnet.gr5_capstone2_private_us_west_2b",
            "aws_subnet.gr5_capstone2_public_us_west_2a",
            "aws_subnet.gr5_capstone2_public_us_west_2b",
            "aws_vpc.gr5_capstone2_vpc_stack",
            "data.aws_iam_policy_document.gr5_assume_role",
            "data.aws_iam_policy_document.gr5_assume_role_fargate"
          ]
        }
      ]
    },
    {
      "mode": "managed",
      "type": "aws_iam_role",
      "name": "gr5_capstone2_eks_cluster_role",
      "provider": "provider[\"registry.terraform.io/hashicorp/aws\"]",
      "instances": [
        {
          "schema_version": 0,
          "attributes": {
            "arn": "arn:aws:iam::962804699607:role/gr5-capstone2-eks-cluster-role",
            "assume_role_policy": "{\"Statement\":[{\"Action\":\"sts:AssumeRole\",\"Effect\":\"Allow\",\"Principal\":{\"Service\":\"eks.amazonaws.com\"},\"Sid\":\"\"}],\"Version\":\"2012-10-17\"}",
            "create_date": "2024-02-10T06:39:44Z",
            "description": "",
            "force_detach_policies": false,
            "id": "gr5-capstone2-eks-cluster-role",
            "inline_policy": [],
            "managed_policy_arns": [],
            "max_session_duration": 3600,
            "name": "gr5-capstone2-eks-cluster-role",
            "name_prefix": "",
            "path": "/",
            "permissions_boundary": null,
            "role_last_used": [
              {
                "last_used_date": "",
                "region": ""
              }
            ],
            "tags": null,
            "tags_all": {},
            "unique_id": "AROA6AK5B2HLULBV6HLTE"
          },
          "sensitive_attributes": [],
          "private": "bnVsbA==",
          "dependencies": [
            "data.aws_iam_policy_document.gr5_assume_role"
          ]
        }
      ]
    },
    {
      "mode": "managed",
      "type": "aws_iam_role",
      "name": "gr5_capstone2_eks_fargate_profile",
      "provider": "provider[\"registry.terraform.io/hashicorp/aws\"]",
      "instances": [
        {
          "schema_version": 0,
          "attributes": {
            "arn": "arn:aws:iam::962804699607:role/gr5-capstone2-eks-fargate-profile",
            "assume_role_policy": "{\"Statement\":[{\"Action\":\"sts:AssumeRole\",\"Effect\":\"Allow\",\"Principal\":{\"Service\":\"eks-fargate-pods.amazonaws.com\"},\"Sid\":\"\"}],\"Version\":\"2012-10-17\"}",
            "create_date": "2024-02-10T06:39:44Z",
            "description": "",
            "force_detach_policies": false,
            "id": "gr5-capstone2-eks-fargate-profile",
            "inline_policy": [],
            "managed_policy_arns": [],
            "max_session_duration": 3600,
            "name": "gr5-capstone2-eks-fargate-profile",
            "name_prefix": "",
            "path": "/",
            "permissions_boundary": null,
            "role_last_used": [
              {
                "last_used_date": "",
                "region": ""
              }
            ],
            "tags": null,
            "tags_all": {},
            "unique_id": "AROA6AK5B2HL5XNYSQ7VT"
          },
          "sensitive_attributes": [],
          "private": "bnVsbA==",
          "dependencies": [
            "data.aws_iam_policy_document.gr5_assume_role_fargate"
          ]
        }
      ]
    },
    {
      "mode": "managed",
      "type": "aws_iam_role_policy_attachment",
      "name": "gr5_capstone2_cluster_policy",
      "provider": "provider[\"registry.terraform.io/hashicorp/aws\"]",
      "instances": [
        {
          "schema_version": 0,
          "attributes": {
            "id": "gr5-capstone2-eks-cluster-role-20240210063944579400000002",
            "policy_arn": "arn:aws:iam::aws:policy/AmazonEKSClusterPolicy",
            "role": "gr5-capstone2-eks-cluster-role"
          },
          "sensitive_attributes": [],
          "private": "bnVsbA==",
          "dependencies": [
            "aws_iam_role.gr5_capstone2_eks_cluster_role",
            "data.aws_iam_policy_document.gr5_assume_role"
          ]
        }
      ]
    },
    {
      "mode": "managed",
      "type": "aws_iam_role_policy_attachment",
      "name": "gr5_capstone2_eks-fargate-profile_policy",
      "provider": "provider[\"registry.terraform.io/hashicorp/aws\"]",
      "instances": [
        {
          "schema_version": 0,
          "attributes": {
            "id": "gr5-capstone2-eks-fargate-profile-20240210063944577100000001",
            "policy_arn": "arn:aws:iam::aws:policy/AmazonEKSFargatePodExecutionRolePolicy",
            "role": "gr5-capstone2-eks-fargate-profile"
          },
          "sensitive_attributes": [],
          "private": "bnVsbA==",
          "dependencies": [
            "aws_iam_role.gr5_capstone2_eks_fargate_profile",
            "data.aws_iam_policy_document.gr5_assume_role_fargate"
          ]
        }
      ]
    },
    {
      "mode": "managed",
      "type": "aws_internet_gateway",
      "name": "gr5_capstone2_igw",
      "provider": "provider[\"registry.terraform.io/hashicorp/aws\"]",
      "instances": [
        {
          "schema_version": 0,
          "attributes": {
            "arn": "arn:aws:ec2:us-west-2:962804699607:internet-gateway/igw-0af797081eb46aee1",
            "id": "igw-0af797081eb46aee1",
            "owner_id": "962804699607",
            "tags": {
              "Name": "gr5-capstone2-igw"
            },
            "tags_all": {
              "Name": "gr5-capstone2-igw"
            },
            "timeouts": null,
            "vpc_id": "vpc-09c01da7d83b53ed3"
          },
          "sensitive_attributes": [],
          "private": "eyJlMmJmYjczMC1lY2FhLTExZTYtOGY4OC0zNDM2M2JjN2M0YzAiOnsiY3JlYXRlIjoxMjAwMDAwMDAwMDAwLCJkZWxldGUiOjEyMDAwMDAwMDAwMDAsInVwZGF0ZSI6MTIwMDAwMDAwMDAwMH19",
          "dependencies": [
            "aws_vpc.gr5_capstone2_vpc_stack"
          ]
        }
      ]
    },
    {
      "mode": "managed",
      "type": "aws_nat_gateway",
      "name": "gr5_capstone2_nat",
      "provider": "provider[\"registry.terraform.io/hashicorp/aws\"]",
      "instances": [
        {
          "schema_version": 0,
          "attributes": {
            "allocation_id": "eipalloc-0d2862ba75c9ceb96",
            "association_id": "eipassoc-007e7ad84f1a1354a",
            "connectivity_type": "public",
            "id": "nat-008550ca57ea3b4a3",
            "network_interface_id": "eni-055de50a3455373e3",
            "private_ip": "10.0.83.199",
            "public_ip": "54.190.246.165",
            "subnet_id": "subnet-0960414ce7438326f",
            "tags": {
              "Name": "gr5-capstone2-nat"
            },
            "tags_all": {
              "Name": "gr5-capstone2-nat"
            }
          },
          "sensitive_attributes": [],
          "private": "bnVsbA==",
          "dependencies": [
            "aws_eip.gr5_capstone2_nat",
            "aws_internet_gateway.gr5_capstone2_igw",
            "aws_subnet.gr5_capstone2_public_us_west_2a",
            "aws_vpc.gr5_capstone2_vpc_stack"
          ]
        }
      ]
    },
    {
      "mode": "managed",
      "type": "aws_route_table",
      "name": "gr5_capstone2_private",
      "provider": "provider[\"registry.terraform.io/hashicorp/aws\"]",
      "instances": [
        {
          "schema_version": 0,
          "attributes": {
            "arn": "arn:aws:ec2:us-west-2:962804699607:route-table/rtb-0dd098140e0775397",
            "id": "rtb-0dd098140e0775397",
            "owner_id": "962804699607",
            "propagating_vgws": [],
            "route": [
              {
                "carrier_gateway_id": "",
                "cidr_block": "0.0.0.0/0",
                "core_network_arn": "",
                "destination_prefix_list_id": "",
                "egress_only_gateway_id": "",
                "gateway_id": "",
                "instance_id": "",
                "ipv6_cidr_block": "",
                "local_gateway_id": "",
                "nat_gateway_id": "nat-008550ca57ea3b4a3",
                "network_interface_id": "",
                "transit_gateway_id": "",
                "vpc_endpoint_id": "",
                "vpc_peering_connection_id": ""
              }
            ],
            "tags": {
              "Name": "gr5-capstone2-private"
            },
            "tags_all": {
              "Name": "gr5-capstone2-private"
            },
            "timeouts": null,
            "vpc_id": "vpc-09c01da7d83b53ed3"
          },
          "sensitive_attributes": [],
          "private": "eyJlMmJmYjczMC1lY2FhLTExZTYtOGY4OC0zNDM2M2JjN2M0YzAiOnsiY3JlYXRlIjozMDAwMDAwMDAwMDAsImRlbGV0ZSI6MzAwMDAwMDAwMDAwLCJ1cGRhdGUiOjEyMDAwMDAwMDAwMH19",
          "dependencies": [
            "aws_eip.gr5_capstone2_nat",
            "aws_internet_gateway.gr5_capstone2_igw",
            "aws_nat_gateway.gr5_capstone2_nat",
            "aws_subnet.gr5_capstone2_public_us_west_2a",
            "aws_vpc.gr5_capstone2_vpc_stack"
          ]
        }
      ]
    },
    {
      "mode": "managed",
      "type": "aws_route_table",
      "name": "gr5_capstone2_public",
      "provider": "provider[\"registry.terraform.io/hashicorp/aws\"]",
      "instances": [
        {
          "schema_version": 0,
          "attributes": {
            "arn": "arn:aws:ec2:us-west-2:962804699607:route-table/rtb-0d7c5104052c7472d",
            "id": "rtb-0d7c5104052c7472d",
            "owner_id": "962804699607",
            "propagating_vgws": [],
            "route": [
              {
                "carrier_gateway_id": "",
                "cidr_block": "0.0.0.0/0",
                "core_network_arn": "",
                "destination_prefix_list_id": "",
                "egress_only_gateway_id": "",
                "gateway_id": "igw-0af797081eb46aee1",
                "instance_id": "",
                "ipv6_cidr_block": "",
                "local_gateway_id": "",
                "nat_gateway_id": "",
                "network_interface_id": "",
                "transit_gateway_id": "",
                "vpc_endpoint_id": "",
                "vpc_peering_connection_id": ""
              }
            ],
            "tags": {
              "Name": "gr5-capstone2-public"
            },
            "tags_all": {
              "Name": "gr5-capstone2-public"
            },
            "timeouts": null,
            "vpc_id": "vpc-09c01da7d83b53ed3"
          },
          "sensitive_attributes": [],
          "private": "eyJlMmJmYjczMC1lY2FhLTExZTYtOGY4OC0zNDM2M2JjN2M0YzAiOnsiY3JlYXRlIjozMDAwMDAwMDAwMDAsImRlbGV0ZSI6MzAwMDAwMDAwMDAwLCJ1cGRhdGUiOjEyMDAwMDAwMDAwMH19",
          "dependencies": [
            "aws_internet_gateway.gr5_capstone2_igw",
            "aws_vpc.gr5_capstone2_vpc_stack"
          ]
        }
      ]
    },
    {
      "mode": "managed",
      "type": "aws_route_table_association",
      "name": "gr5_capstone2_private-us-west-2b",
      "provider": "provider[\"registry.terraform.io/hashicorp/aws\"]",
      "instances": [
        {
          "schema_version": 0,
          "attributes": {
            "gateway_id": "",
            "id": "rtbassoc-01aa0864a4669ddd0",
            "route_table_id": "rtb-0dd098140e0775397",
            "subnet_id": "subnet-070cd6937d9c4cf10",
            "timeouts": null
          },
          "sensitive_attributes": [],
          "private": "eyJlMmJmYjczMC1lY2FhLTExZTYtOGY4OC0zNDM2M2JjN2M0YzAiOnsiY3JlYXRlIjozMDAwMDAwMDAwMDAsImRlbGV0ZSI6MzAwMDAwMDAwMDAwLCJ1cGRhdGUiOjEyMDAwMDAwMDAwMH19",
          "dependencies": [
            "aws_eip.gr5_capstone2_nat",
            "aws_internet_gateway.gr5_capstone2_igw",
            "aws_nat_gateway.gr5_capstone2_nat",
            "aws_route_table.gr5_capstone2_private",
            "aws_subnet.gr5_capstone2_private_us_west_2b",
            "aws_subnet.gr5_capstone2_public_us_west_2a",
            "aws_vpc.gr5_capstone2_vpc_stack"
          ]
        }
      ]
    },
    {
      "mode": "managed",
      "type": "aws_route_table_association",
      "name": "gr5_capstone2_private_us_west_2a",
      "provider": "provider[\"registry.terraform.io/hashicorp/aws\"]",
      "instances": [
        {
          "schema_version": 0,
          "attributes": {
            "gateway_id": "",
            "id": "rtbassoc-02a246a46c43be8af",
            "route_table_id": "rtb-0dd098140e0775397",
            "subnet_id": "subnet-040bb134e8615a197",
            "timeouts": null
          },
          "sensitive_attributes": [],
          "private": "eyJlMmJmYjczMC1lY2FhLTExZTYtOGY4OC0zNDM2M2JjN2M0YzAiOnsiY3JlYXRlIjozMDAwMDAwMDAwMDAsImRlbGV0ZSI6MzAwMDAwMDAwMDAwLCJ1cGRhdGUiOjEyMDAwMDAwMDAwMH19",
          "dependencies": [
            "aws_eip.gr5_capstone2_nat",
            "aws_internet_gateway.gr5_capstone2_igw",
            "aws_nat_gateway.gr5_capstone2_nat",
            "aws_route_table.gr5_capstone2_private",
            "aws_subnet.gr5_capstone2_private_us_west_2a",
            "aws_subnet.gr5_capstone2_public_us_west_2a",
            "aws_vpc.gr5_capstone2_vpc_stack"
          ]
        }
      ]
    },
    {
      "mode": "managed",
      "type": "aws_route_table_association",
      "name": "gr5_capstone2_public-us-west-2a",
      "provider": "provider[\"registry.terraform.io/hashicorp/aws\"]",
      "instances": [
        {
          "schema_version": 0,
          "attributes": {
            "gateway_id": "",
            "id": "rtbassoc-085e1f5596491d9de",
            "route_table_id": "rtb-0d7c5104052c7472d",
            "subnet_id": "subnet-0960414ce7438326f",
            "timeouts": null
          },
          "sensitive_attributes": [],
          "private": "eyJlMmJmYjczMC1lY2FhLTExZTYtOGY4OC0zNDM2M2JjN2M0YzAiOnsiY3JlYXRlIjozMDAwMDAwMDAwMDAsImRlbGV0ZSI6MzAwMDAwMDAwMDAwLCJ1cGRhdGUiOjEyMDAwMDAwMDAwMH19",
          "dependencies": [
            "aws_internet_gateway.gr5_capstone2_igw",
            "aws_route_table.gr5_capstone2_public",
            "aws_subnet.gr5_capstone2_public_us_west_2a",
            "aws_vpc.gr5_capstone2_vpc_stack"
          ]
        }
      ]
    },
    {
      "mode": "managed",
      "type": "aws_route_table_association",
      "name": "gr5_capstone2_public-us-west-2b",
      "provider": "provider[\"registry.terraform.io/hashicorp/aws\"]",
      "instances": [
        {
          "schema_version": 0,
          "attributes": {
            "gateway_id": "",
            "id": "rtbassoc-03991873e0808246c",
            "route_table_id": "rtb-0d7c5104052c7472d",
            "subnet_id": "subnet-0855890ebd663d5f6",
            "timeouts": null
          },
          "sensitive_attributes": [],
          "private": "eyJlMmJmYjczMC1lY2FhLTExZTYtOGY4OC0zNDM2M2JjN2M0YzAiOnsiY3JlYXRlIjozMDAwMDAwMDAwMDAsImRlbGV0ZSI6MzAwMDAwMDAwMDAwLCJ1cGRhdGUiOjEyMDAwMDAwMDAwMH19",
          "dependencies": [
            "aws_internet_gateway.gr5_capstone2_igw",
            "aws_route_table.gr5_capstone2_public",
            "aws_subnet.gr5_capstone2_public_us_west_2b",
            "aws_vpc.gr5_capstone2_vpc_stack"
          ]
        }
      ]
    },
    {
      "mode": "managed",
      "type": "aws_subnet",
      "name": "gr5_capstone2_private_us_west_2a",
      "provider": "provider[\"registry.terraform.io/hashicorp/aws\"]",
      "instances": [
        {
          "schema_version": 1,
          "attributes": {
            "arn": "arn:aws:ec2:us-west-2:962804699607:subnet/subnet-040bb134e8615a197",
            "assign_ipv6_address_on_creation": false,
            "availability_zone": "us-west-2a",
            "availability_zone_id": "usw2-az1",
            "cidr_block": "10.0.0.0/19",
            "customer_owned_ipv4_pool": "",
            "enable_dns64": false,
            "enable_lni_at_device_index": 0,
            "enable_resource_name_dns_a_record_on_launch": false,
            "enable_resource_name_dns_aaaa_record_on_launch": false,
            "id": "subnet-040bb134e8615a197",
            "ipv6_cidr_block": "",
            "ipv6_cidr_block_association_id": "",
            "ipv6_native": false,
            "map_customer_owned_ip_on_launch": false,
            "map_public_ip_on_launch": false,
            "outpost_arn": "",
            "owner_id": "962804699607",
            "private_dns_hostname_type_on_launch": "ip-name",
            "tags": {
              "Name": "gr5-capstone2-private-us-west-2a",
              "kubernetes.io/cluster/gr5-capstone2-eks-cluster": "owned",
              "kubernetes.io/role/internal-elb": "1"
            },
            "tags_all": {
              "Name": "gr5-capstone2-private-us-west-2a",
              "kubernetes.io/cluster/gr5-capstone2-eks-cluster": "owned",
              "kubernetes.io/role/internal-elb": "1"
            },
            "timeouts": null,
            "vpc_id": "vpc-09c01da7d83b53ed3"
          },
          "sensitive_attributes": [],
          "private": "eyJlMmJmYjczMC1lY2FhLTExZTYtOGY4OC0zNDM2M2JjN2M0YzAiOnsiY3JlYXRlIjo2MDAwMDAwMDAwMDAsImRlbGV0ZSI6MTIwMDAwMDAwMDAwMH0sInNjaGVtYV92ZXJzaW9uIjoiMSJ9",
          "dependencies": [
            "aws_vpc.gr5_capstone2_vpc_stack"
          ]
        }
      ]
    },
    {
      "mode": "managed",
      "type": "aws_subnet",
      "name": "gr5_capstone2_private_us_west_2b",
      "provider": "provider[\"registry.terraform.io/hashicorp/aws\"]",
      "instances": [
        {
          "schema_version": 1,
          "attributes": {
            "arn": "arn:aws:ec2:us-west-2:962804699607:subnet/subnet-070cd6937d9c4cf10",
            "assign_ipv6_address_on_creation": false,
            "availability_zone": "us-west-2b",
            "availability_zone_id": "usw2-az2",
            "cidr_block": "10.0.32.0/19",
            "customer_owned_ipv4_pool": "",
            "enable_dns64": false,
            "enable_lni_at_device_index": 0,
            "enable_resource_name_dns_a_record_on_launch": false,
            "enable_resource_name_dns_aaaa_record_on_launch": false,
            "id": "subnet-070cd6937d9c4cf10",
            "ipv6_cidr_block": "",
            "ipv6_cidr_block_association_id": "",
            "ipv6_native": false,
            "map_customer_owned_ip_on_launch": false,
            "map_public_ip_on_launch": false,
            "outpost_arn": "",
            "owner_id": "962804699607",
            "private_dns_hostname_type_on_launch": "ip-name",
            "tags": {
              "Name": "gr5-capstone2-private-us-west-2b",
              "kubernetes.io/cluster/gr5-capstone2-eks-cluster": "owned",
              "kubernetes.io/role/internal-elb": "1"
            },
            "tags_all": {
              "Name": "gr5-capstone2-private-us-west-2b",
              "kubernetes.io/cluster/gr5-capstone2-eks-cluster": "owned",
              "kubernetes.io/role/internal-elb": "1"
            },
            "timeouts": null,
            "vpc_id": "vpc-09c01da7d83b53ed3"
          },
          "sensitive_attributes": [],
          "private": "eyJlMmJmYjczMC1lY2FhLTExZTYtOGY4OC0zNDM2M2JjN2M0YzAiOnsiY3JlYXRlIjo2MDAwMDAwMDAwMDAsImRlbGV0ZSI6MTIwMDAwMDAwMDAwMH0sInNjaGVtYV92ZXJzaW9uIjoiMSJ9",
          "dependencies": [
            "aws_vpc.gr5_capstone2_vpc_stack"
          ]
        }
      ]
    },
    {
      "mode": "managed",
      "type": "aws_subnet",
      "name": "gr5_capstone2_public_us_west_2a",
      "provider": "provider[\"registry.terraform.io/hashicorp/aws\"]",
      "instances": [
        {
          "schema_version": 1,
          "attributes": {
            "arn": "arn:aws:ec2:us-west-2:962804699607:subnet/subnet-0960414ce7438326f",
            "assign_ipv6_address_on_creation": false,
            "availability_zone": "us-west-2a",
            "availability_zone_id": "usw2-az1",
            "cidr_block": "10.0.64.0/19",
            "customer_owned_ipv4_pool": "",
            "enable_dns64": false,
            "enable_lni_at_device_index": 0,
            "enable_resource_name_dns_a_record_on_launch": false,
            "enable_resource_name_dns_aaaa_record_on_launch": false,
            "id": "subnet-0960414ce7438326f",
            "ipv6_cidr_block": "",
            "ipv6_cidr_block_association_id": "",
            "ipv6_native": false,
            "map_customer_owned_ip_on_launch": false,
            "map_public_ip_on_launch": true,
            "outpost_arn": "",
            "owner_id": "962804699607",
            "private_dns_hostname_type_on_launch": "ip-name",
            "tags": {
              "Name": "gr5-capstone2-private-us-west-2a",
              "kubernetes.io/cluster/gr5-capstone2-eks-cluster": "owned",
              "kubernetes.io/role/internal-elb": "1"
            },
            "tags_all": {
              "Name": "gr5-capstone2-private-us-west-2a",
              "kubernetes.io/cluster/gr5-capstone2-eks-cluster": "owned",
              "kubernetes.io/role/internal-elb": "1"
            },
            "timeouts": null,
            "vpc_id": "vpc-09c01da7d83b53ed3"
          },
          "sensitive_attributes": [],
          "private": "eyJlMmJmYjczMC1lY2FhLTExZTYtOGY4OC0zNDM2M2JjN2M0YzAiOnsiY3JlYXRlIjo2MDAwMDAwMDAwMDAsImRlbGV0ZSI6MTIwMDAwMDAwMDAwMH0sInNjaGVtYV92ZXJzaW9uIjoiMSJ9",
          "dependencies": [
            "aws_vpc.gr5_capstone2_vpc_stack"
          ]
        }
      ]
    },
    {
      "mode": "managed",
      "type": "aws_subnet",
      "name": "gr5_capstone2_public_us_west_2b",
      "provider": "provider[\"registry.terraform.io/hashicorp/aws\"]",
      "instances": [
        {
          "schema_version": 1,
          "attributes": {
            "arn": "arn:aws:ec2:us-west-2:962804699607:subnet/subnet-0855890ebd663d5f6",
            "assign_ipv6_address_on_creation": false,
            "availability_zone": "us-west-2b",
            "availability_zone_id": "usw2-az2",
            "cidr_block": "10.0.96.0/19",
            "customer_owned_ipv4_pool": "",
            "enable_dns64": false,
            "enable_lni_at_device_index": 0,
            "enable_resource_name_dns_a_record_on_launch": false,
            "enable_resource_name_dns_aaaa_record_on_launch": false,
            "id": "subnet-0855890ebd663d5f6",
            "ipv6_cidr_block": "",
            "ipv6_cidr_block_association_id": "",
            "ipv6_native": false,
            "map_customer_owned_ip_on_launch": false,
            "map_public_ip_on_launch": true,
            "outpost_arn": "",
            "owner_id": "962804699607",
            "private_dns_hostname_type_on_launch": "ip-name",
            "tags": {
              "Name": "gr5-capstone2-private-us-west-2b",
              "kubernetes.io/cluster/gr5-capstone2-eks-cluster": "owned",
              "kubernetes.io/role/internal-elb": "1"
            },
            "tags_all": {
              "Name": "gr5-capstone2-private-us-west-2b",
              "kubernetes.io/cluster/gr5-capstone2-eks-cluster": "owned",
              "kubernetes.io/role/internal-elb": "1"
            },
            "timeouts": null,
            "vpc_id": "vpc-09c01da7d83b53ed3"
          },
          "sensitive_attributes": [],
          "private": "eyJlMmJmYjczMC1lY2FhLTExZTYtOGY4OC0zNDM2M2JjN2M0YzAiOnsiY3JlYXRlIjo2MDAwMDAwMDAwMDAsImRlbGV0ZSI6MTIwMDAwMDAwMDAwMH0sInNjaGVtYV92ZXJzaW9uIjoiMSJ9",
          "dependencies": [
            "aws_vpc.gr5_capstone2_vpc_stack"
          ]
        }
      ]
    },
    {
      "mode": "managed",
      "type": "aws_vpc",
      "name": "gr5_capstone2_vpc_stack",
      "provider": "provider[\"registry.terraform.io/hashicorp/aws\"]",
      "instances": [
        {
          "schema_version": 1,
          "attributes": {
            "arn": "arn:aws:ec2:us-west-2:962804699607:vpc/vpc-09c01da7d83b53ed3",
            "assign_generated_ipv6_cidr_block": false,
            "cidr_block": "10.0.0.0/16",
            "default_network_acl_id": "acl-0ba4ffee052947bc4",
            "default_route_table_id": "rtb-0ec7d65d198567343",
            "default_security_group_id": "sg-02423de22de0d0c93",
            "dhcp_options_id": "dopt-f518238d",
            "enable_classiclink": false,
            "enable_classiclink_dns_support": false,
            "enable_dns_hostnames": true,
            "enable_dns_support": true,
            "enable_network_address_usage_metrics": false,
            "id": "vpc-09c01da7d83b53ed3",
            "instance_tenancy": "default",
            "ipv4_ipam_pool_id": null,
            "ipv4_netmask_length": null,
            "ipv6_association_id": "",
            "ipv6_cidr_block": "",
            "ipv6_cidr_block_network_border_group": "",
            "ipv6_ipam_pool_id": "",
            "ipv6_netmask_length": 0,
            "main_route_table_id": "rtb-0ec7d65d198567343",
            "owner_id": "962804699607",
            "tags": {
              "Name": "gr5-capstone2-vpc-stack"
            },
            "tags_all": {
              "Name": "gr5-capstone2-vpc-stack"
            }
          },
          "sensitive_attributes": [],
          "private": "eyJzY2hlbWFfdmVyc2lvbiI6IjEifQ=="
        }
      ]
    }
  ],
  "check_results": null
}
